// !$*UTF8*$!
{
	archiveVersion = 1;
	classes = {
	};
	objectVersion = 56;
	objects = {

/* Begin PBXBuildFile section */
		4B03B9652BB082A3008CDF38 /* CustomAnnotationView.swift in Sources */ = {isa = PBXBuildFile; fileRef = 4B03B9642BB082A3008CDF38 /* CustomAnnotationView.swift */; };
		4B15B2DF2ADECA48001533ED /* NavigationViewController.swift in Sources */ = {isa = PBXBuildFile; fileRef = 4B15B2DE2ADECA48001533ED /* NavigationViewController.swift */; };
		4B15B2E12ADECB4A001533ED /* Color.swift in Sources */ = {isa = PBXBuildFile; fileRef = 4B15B2E02ADECB4A001533ED /* Color.swift */; };
		4B2045D02AD42D3600110625 /* ContentsModel.swift in Sources */ = {isa = PBXBuildFile; fileRef = 4B2045CF2AD42D3600110625 /* ContentsModel.swift */; };
		4B2045D42AD42D5E00110625 /* Location.swift in Sources */ = {isa = PBXBuildFile; fileRef = 4B2045D32AD42D5E00110625 /* Location.swift */; };
		4B3049F02BB6B7C00060A875 /* ContentListView.swift in Sources */ = {isa = PBXBuildFile; fileRef = 4B3049EF2BB6B7C00060A875 /* ContentListView.swift */; };
		4B35117C2AFA176800B9F160 /* TabBarViewController.swift in Sources */ = {isa = PBXBuildFile; fileRef = 4B35117B2AFA176800B9F160 /* TabBarViewController.swift */; };
		4B35117E2AFA60DB00B9F160 /* DetailViewController.swift in Sources */ = {isa = PBXBuildFile; fileRef = 4B35117D2AFA60DB00B9F160 /* DetailViewController.swift */; };
		4B3511802AFA6CB600B9F160 /* MapViewController.swift in Sources */ = {isa = PBXBuildFile; fileRef = 4B35117F2AFA6CB600B9F160 /* MapViewController.swift */; };
		4B3511822AFA6CE700B9F160 /* Artwork.swift in Sources */ = {isa = PBXBuildFile; fileRef = 4B3511812AFA6CE700B9F160 /* Artwork.swift */; };
		4B3511842AFA6D6C00B9F160 /* MKMapViewExtension.swift in Sources */ = {isa = PBXBuildFile; fileRef = 4B3511832AFA6D6C00B9F160 /* MKMapViewExtension.swift */; };
		4B4ECD0C2BAC92E40027CEF7 /* NavigationPrayViewController.swift in Sources */ = {isa = PBXBuildFile; fileRef = 4B4ECD0B2BAC92E40027CEF7 /* NavigationPrayViewController.swift */; };
		4B5CF7632BA6CA7D00B2356B /* LoadingView.swift in Sources */ = {isa = PBXBuildFile; fileRef = 4B5CF7622BA6CA7D00B2356B /* LoadingView.swift */; };
		4B72BF6B2B9F30A000F2747F /* FirebaseAnalytics in Frameworks */ = {isa = PBXBuildFile; productRef = 4B72BF6A2B9F30A000F2747F /* FirebaseAnalytics */; };
		4B72BF6D2B9F30A000F2747F /* FirebaseAnalyticsOnDeviceConversion in Frameworks */ = {isa = PBXBuildFile; productRef = 4B72BF6C2B9F30A000F2747F /* FirebaseAnalyticsOnDeviceConversion */; };
		4B72BF6F2B9F30A000F2747F /* FirebaseAnalyticsSwift in Frameworks */ = {isa = PBXBuildFile; productRef = 4B72BF6E2B9F30A000F2747F /* FirebaseAnalyticsSwift */; };
		4B72BF712B9F30A000F2747F /* FirebaseAnalyticsWithoutAdIdSupport in Frameworks */ = {isa = PBXBuildFile; productRef = 4B72BF702B9F30A000F2747F /* FirebaseAnalyticsWithoutAdIdSupport */; };
		4B72BF732B9F30A000F2747F /* FirebaseAppCheck in Frameworks */ = {isa = PBXBuildFile; productRef = 4B72BF722B9F30A000F2747F /* FirebaseAppCheck */; };
		4B72BF752B9F30A000F2747F /* FirebaseAppDistribution-Beta in Frameworks */ = {isa = PBXBuildFile; productRef = 4B72BF742B9F30A000F2747F /* FirebaseAppDistribution-Beta */; };
		4B72BF772B9F30A000F2747F /* FirebaseAuth in Frameworks */ = {isa = PBXBuildFile; productRef = 4B72BF762B9F30A000F2747F /* FirebaseAuth */; };
		4B72BF792B9F30A000F2747F /* FirebaseAuthCombine-Community in Frameworks */ = {isa = PBXBuildFile; productRef = 4B72BF782B9F30A000F2747F /* FirebaseAuthCombine-Community */; };
		4B72BF7B2B9F30A000F2747F /* FirebaseCrashlytics in Frameworks */ = {isa = PBXBuildFile; productRef = 4B72BF7A2B9F30A000F2747F /* FirebaseCrashlytics */; };
		4B72BF7D2B9F30A000F2747F /* FirebaseDatabase in Frameworks */ = {isa = PBXBuildFile; productRef = 4B72BF7C2B9F30A000F2747F /* FirebaseDatabase */; };
		4B72BF7F2B9F30A000F2747F /* FirebaseDatabaseSwift in Frameworks */ = {isa = PBXBuildFile; productRef = 4B72BF7E2B9F30A000F2747F /* FirebaseDatabaseSwift */; };
		4B72BF812B9F30A000F2747F /* FirebaseDynamicLinks in Frameworks */ = {isa = PBXBuildFile; productRef = 4B72BF802B9F30A000F2747F /* FirebaseDynamicLinks */; };
		4B72BF832B9F30A000F2747F /* FirebaseFirestore in Frameworks */ = {isa = PBXBuildFile; productRef = 4B72BF822B9F30A000F2747F /* FirebaseFirestore */; };
		4B72BF852B9F30A000F2747F /* FirebaseFirestoreCombine-Community in Frameworks */ = {isa = PBXBuildFile; productRef = 4B72BF842B9F30A000F2747F /* FirebaseFirestoreCombine-Community */; };
		4B72BF872B9F30A000F2747F /* FirebaseFirestoreSwift in Frameworks */ = {isa = PBXBuildFile; productRef = 4B72BF862B9F30A000F2747F /* FirebaseFirestoreSwift */; };
		4B72BF892B9F30A000F2747F /* FirebaseFunctions in Frameworks */ = {isa = PBXBuildFile; productRef = 4B72BF882B9F30A000F2747F /* FirebaseFunctions */; };
		4B72BF8B2B9F30A000F2747F /* FirebaseFunctionsCombine-Community in Frameworks */ = {isa = PBXBuildFile; productRef = 4B72BF8A2B9F30A000F2747F /* FirebaseFunctionsCombine-Community */; };
		4B72BF8D2B9F30A000F2747F /* FirebaseInAppMessaging-Beta in Frameworks */ = {isa = PBXBuildFile; productRef = 4B72BF8C2B9F30A000F2747F /* FirebaseInAppMessaging-Beta */; };
		4B72BF8F2B9F30A000F2747F /* FirebaseInAppMessagingSwift-Beta in Frameworks */ = {isa = PBXBuildFile; productRef = 4B72BF8E2B9F30A000F2747F /* FirebaseInAppMessagingSwift-Beta */; };
		4B72BF912B9F30A000F2747F /* FirebaseInstallations in Frameworks */ = {isa = PBXBuildFile; productRef = 4B72BF902B9F30A000F2747F /* FirebaseInstallations */; };
		4B72BF932B9F30A000F2747F /* FirebaseMLModelDownloader in Frameworks */ = {isa = PBXBuildFile; productRef = 4B72BF922B9F30A000F2747F /* FirebaseMLModelDownloader */; };
		4B72BF952B9F30A000F2747F /* FirebaseMessaging in Frameworks */ = {isa = PBXBuildFile; productRef = 4B72BF942B9F30A000F2747F /* FirebaseMessaging */; };
		4B72BF972B9F30A100F2747F /* FirebasePerformance in Frameworks */ = {isa = PBXBuildFile; productRef = 4B72BF962B9F30A100F2747F /* FirebasePerformance */; };
		4B72BF992B9F30A100F2747F /* FirebaseRemoteConfig in Frameworks */ = {isa = PBXBuildFile; productRef = 4B72BF982B9F30A100F2747F /* FirebaseRemoteConfig */; };
		4B72BF9B2B9F30A100F2747F /* FirebaseRemoteConfigSwift in Frameworks */ = {isa = PBXBuildFile; productRef = 4B72BF9A2B9F30A100F2747F /* FirebaseRemoteConfigSwift */; };
		4B72BF9D2B9F30A100F2747F /* FirebaseStorage in Frameworks */ = {isa = PBXBuildFile; productRef = 4B72BF9C2B9F30A100F2747F /* FirebaseStorage */; };
		4B72BF9F2B9F30A100F2747F /* FirebaseStorageCombine-Community in Frameworks */ = {isa = PBXBuildFile; productRef = 4B72BF9E2B9F30A100F2747F /* FirebaseStorageCombine-Community */; };
		4B72BFA02B9F313500F2747F /* Pods_HelloKorea.framework in Frameworks */ = {isa = PBXBuildFile; fileRef = 017B154A9D77F342A70709A6 /* Pods_HelloKorea.framework */; };
		4B72BFA12B9F313500F2747F /* Pods_HelloKorea.framework in Embed Frameworks */ = {isa = PBXBuildFile; fileRef = 017B154A9D77F342A70709A6 /* Pods_HelloKorea.framework */; settings = {ATTRIBUTES = (CodeSignOnCopy, RemoveHeadersOnCopy, ); }; };
		4B743F942B0B359C005A7321 /* DetailModalViewController.swift in Sources */ = {isa = PBXBuildFile; fileRef = 4B743F932B0B359C005A7321 /* DetailModalViewController.swift */; };
		4B9845822BB6C94400C18496 /* DetailView.swift in Sources */ = {isa = PBXBuildFile; fileRef = 4B9845812BB6C94400C18496 /* DetailView.swift */; };
		4B9845842BB6CC6100C18496 /* FacilitiesView.swift in Sources */ = {isa = PBXBuildFile; fileRef = 4B9845832BB6CC6100C18496 /* FacilitiesView.swift */; };
		4B9845862BB6D18900C18496 /* MapView.swift in Sources */ = {isa = PBXBuildFile; fileRef = 4B9845852BB6D18900C18496 /* MapView.swift */; };
		4B9C94642BA080F70086E4D7 /* CustomCalloutView.swift in Sources */ = {isa = PBXBuildFile; fileRef = 4B9C94632BA080F70086E4D7 /* CustomCalloutView.swift */; };
		4BA1A5F82B9EB9C500AAAB7F /* GoogleService-Info.plist in Resources */ = {isa = PBXBuildFile; fileRef = 4BA1A5F72B9EB9C500AAAB7F /* GoogleService-Info.plist */; };
		4BDE4EB12B99C8C40005D28D /* FacilitiesViewController.swift in Sources */ = {isa = PBXBuildFile; fileRef = 4BDE4EB02B99C8C40005D28D /* FacilitiesViewController.swift */; };
		4BE1FCA42AD12D3A00CA8106 /* AppDelegate.swift in Sources */ = {isa = PBXBuildFile; fileRef = 4BE1FCA32AD12D3A00CA8106 /* AppDelegate.swift */; };
		4BE1FCA62AD12D3A00CA8106 /* SceneDelegate.swift in Sources */ = {isa = PBXBuildFile; fileRef = 4BE1FCA52AD12D3A00CA8106 /* SceneDelegate.swift */; };
		4BE1FCA82AD12D3A00CA8106 /* ContentListViewController.swift in Sources */ = {isa = PBXBuildFile; fileRef = 4BE1FCA72AD12D3A00CA8106 /* ContentListViewController.swift */; };
		4BE1FCAB2AD12D3A00CA8106 /* Main.storyboard in Resources */ = {isa = PBXBuildFile; fileRef = 4BE1FCA92AD12D3A00CA8106 /* Main.storyboard */; };
		4BE1FCAD2AD12D3B00CA8106 /* Assets.xcassets in Resources */ = {isa = PBXBuildFile; fileRef = 4BE1FCAC2AD12D3B00CA8106 /* Assets.xcassets */; };
		4BE1FCB02AD12D3B00CA8106 /* LaunchScreen.storyboard in Resources */ = {isa = PBXBuildFile; fileRef = 4BE1FCAE2AD12D3B00CA8106 /* LaunchScreen.storyboard */; };
		4BE1FCB92AD1316D00CA8106 /* UIColorExtension.swift in Sources */ = {isa = PBXBuildFile; fileRef = 4BE1FCB82AD1316D00CA8106 /* UIColorExtension.swift */; };
		4BE1FCBE2AD131EC00CA8106 /* CSCollectionViewCell.swift in Sources */ = {isa = PBXBuildFile; fileRef = 4BE1FCBD2AD131EC00CA8106 /* CSCollectionViewCell.swift */; };
		4BE1FCC02AD1328000CA8106 /* UIViewExtension.swift in Sources */ = {isa = PBXBuildFile; fileRef = 4BE1FCBF2AD1328000CA8106 /* UIViewExtension.swift */; };
/* End PBXBuildFile section */

/* Begin PBXCopyFilesBuildPhase section */
		4B72BFA22B9F313500F2747F /* Embed Frameworks */ = {
			isa = PBXCopyFilesBuildPhase;
			buildActionMask = 2147483647;
			dstPath = "";
			dstSubfolderSpec = 10;
			files = (
				4B72BFA12B9F313500F2747F /* Pods_HelloKorea.framework in Embed Frameworks */,
			);
			name = "Embed Frameworks";
			runOnlyForDeploymentPostprocessing = 0;
		};
/* End PBXCopyFilesBuildPhase section */

/* Begin PBXFileReference section */
		017B154A9D77F342A70709A6 /* Pods_HelloKorea.framework */ = {isa = PBXFileReference; explicitFileType = wrapper.framework; includeInIndex = 0; path = Pods_HelloKorea.framework; sourceTree = BUILT_PRODUCTS_DIR; };
		4B03B9642BB082A3008CDF38 /* CustomAnnotationView.swift */ = {isa = PBXFileReference; lastKnownFileType = sourcecode.swift; path = CustomAnnotationView.swift; sourceTree = "<group>"; };
		4B15B2DE2ADECA48001533ED /* NavigationViewController.swift */ = {isa = PBXFileReference; lastKnownFileType = sourcecode.swift; path = NavigationViewController.swift; sourceTree = "<group>"; };
		4B15B2E02ADECB4A001533ED /* Color.swift */ = {isa = PBXFileReference; lastKnownFileType = sourcecode.swift; path = Color.swift; sourceTree = "<group>"; };
		4B2045CF2AD42D3600110625 /* ContentsModel.swift */ = {isa = PBXFileReference; fileEncoding = 4; lastKnownFileType = sourcecode.swift; name = ContentsModel.swift; path = ../../../practice_pinOnMap/practice_pinOnMap/Model/ContentsModel.swift; sourceTree = "<group>"; };
		4B2045D32AD42D5E00110625 /* Location.swift */ = {isa = PBXFileReference; fileEncoding = 4; lastKnownFileType = sourcecode.swift; name = Location.swift; path = ../../../practice_pinOnMap/practice_pinOnMap/Model/Location.swift; sourceTree = "<group>"; };
		4B3049EF2BB6B7C00060A875 /* ContentListView.swift */ = {isa = PBXFileReference; lastKnownFileType = sourcecode.swift; path = ContentListView.swift; sourceTree = "<group>"; };
		4B35117B2AFA176800B9F160 /* TabBarViewController.swift */ = {isa = PBXFileReference; lastKnownFileType = sourcecode.swift; path = TabBarViewController.swift; sourceTree = "<group>"; };
		4B35117D2AFA60DB00B9F160 /* DetailViewController.swift */ = {isa = PBXFileReference; lastKnownFileType = sourcecode.swift; path = DetailViewController.swift; sourceTree = "<group>"; };
		4B35117F2AFA6CB600B9F160 /* MapViewController.swift */ = {isa = PBXFileReference; lastKnownFileType = sourcecode.swift; path = MapViewController.swift; sourceTree = "<group>"; };
		4B3511812AFA6CE700B9F160 /* Artwork.swift */ = {isa = PBXFileReference; lastKnownFileType = sourcecode.swift; path = Artwork.swift; sourceTree = "<group>"; };
		4B3511832AFA6D6C00B9F160 /* MKMapViewExtension.swift */ = {isa = PBXFileReference; lastKnownFileType = sourcecode.swift; path = MKMapViewExtension.swift; sourceTree = "<group>"; };
		4B4ECD0B2BAC92E40027CEF7 /* NavigationPrayViewController.swift */ = {isa = PBXFileReference; lastKnownFileType = sourcecode.swift; path = NavigationPrayViewController.swift; sourceTree = "<group>"; };
		4B5CF7622BA6CA7D00B2356B /* LoadingView.swift */ = {isa = PBXFileReference; lastKnownFileType = sourcecode.swift; path = LoadingView.swift; sourceTree = "<group>"; };
		4B743F932B0B359C005A7321 /* DetailModalViewController.swift */ = {isa = PBXFileReference; lastKnownFileType = sourcecode.swift; path = DetailModalViewController.swift; sourceTree = "<group>"; };
		4B9845812BB6C94400C18496 /* DetailView.swift */ = {isa = PBXFileReference; lastKnownFileType = sourcecode.swift; path = DetailView.swift; sourceTree = "<group>"; };
		4B9845832BB6CC6100C18496 /* FacilitiesView.swift */ = {isa = PBXFileReference; lastKnownFileType = sourcecode.swift; path = FacilitiesView.swift; sourceTree = "<group>"; };
		4B9845852BB6D18900C18496 /* MapView.swift */ = {isa = PBXFileReference; lastKnownFileType = sourcecode.swift; path = MapView.swift; sourceTree = "<group>"; };
		4B9A8D4C2B88CB08003A7ED4 /* GoogleService-Info.plist */ = {isa = PBXFileReference; lastKnownFileType = text.plist.xml; path = "GoogleService-Info.plist"; sourceTree = "<group>"; };
		4B9C94632BA080F70086E4D7 /* CustomCalloutView.swift */ = {isa = PBXFileReference; lastKnownFileType = sourcecode.swift; path = CustomCalloutView.swift; sourceTree = "<group>"; };
		4BA1A5F72B9EB9C500AAAB7F /* GoogleService-Info.plist */ = {isa = PBXFileReference; fileEncoding = 4; lastKnownFileType = text.plist.xml; path = "GoogleService-Info.plist"; sourceTree = "<group>"; };
		4BDE4EB02B99C8C40005D28D /* FacilitiesViewController.swift */ = {isa = PBXFileReference; lastKnownFileType = sourcecode.swift; path = FacilitiesViewController.swift; sourceTree = "<group>"; };
		4BE1FCA02AD12D3A00CA8106 /* HelloKorea.app */ = {isa = PBXFileReference; explicitFileType = wrapper.application; includeInIndex = 0; path = HelloKorea.app; sourceTree = BUILT_PRODUCTS_DIR; };
		4BE1FCA32AD12D3A00CA8106 /* AppDelegate.swift */ = {isa = PBXFileReference; lastKnownFileType = sourcecode.swift; path = AppDelegate.swift; sourceTree = "<group>"; };
		4BE1FCA52AD12D3A00CA8106 /* SceneDelegate.swift */ = {isa = PBXFileReference; lastKnownFileType = sourcecode.swift; path = SceneDelegate.swift; sourceTree = "<group>"; };
		4BE1FCA72AD12D3A00CA8106 /* ContentListViewController.swift */ = {isa = PBXFileReference; lastKnownFileType = sourcecode.swift; path = ContentListViewController.swift; sourceTree = "<group>"; };
		4BE1FCAA2AD12D3A00CA8106 /* Base */ = {isa = PBXFileReference; lastKnownFileType = file.storyboard; name = Base; path = Base.lproj/Main.storyboard; sourceTree = "<group>"; };
		4BE1FCAC2AD12D3B00CA8106 /* Assets.xcassets */ = {isa = PBXFileReference; lastKnownFileType = folder.assetcatalog; path = Assets.xcassets; sourceTree = "<group>"; };
		4BE1FCAF2AD12D3B00CA8106 /* Base */ = {isa = PBXFileReference; lastKnownFileType = file.storyboard; name = Base; path = Base.lproj/LaunchScreen.storyboard; sourceTree = "<group>"; };
		4BE1FCB12AD12D3B00CA8106 /* Info.plist */ = {isa = PBXFileReference; lastKnownFileType = text.plist.xml; path = Info.plist; sourceTree = "<group>"; };
		4BE1FCB82AD1316D00CA8106 /* UIColorExtension.swift */ = {isa = PBXFileReference; lastKnownFileType = sourcecode.swift; path = UIColorExtension.swift; sourceTree = "<group>"; };
		4BE1FCBD2AD131EC00CA8106 /* CSCollectionViewCell.swift */ = {isa = PBXFileReference; lastKnownFileType = sourcecode.swift; path = CSCollectionViewCell.swift; sourceTree = "<group>"; };
		4BE1FCBF2AD1328000CA8106 /* UIViewExtension.swift */ = {isa = PBXFileReference; lastKnownFileType = sourcecode.swift; path = UIViewExtension.swift; sourceTree = "<group>"; };
		C5136CB8FE0465DD74A3A6A5 /* Pods-HelloKorea.debug.xcconfig */ = {isa = PBXFileReference; includeInIndex = 1; lastKnownFileType = text.xcconfig; name = "Pods-HelloKorea.debug.xcconfig"; path = "Target Support Files/Pods-HelloKorea/Pods-HelloKorea.debug.xcconfig"; sourceTree = "<group>"; };
		DB566A30FD41356EE3429FFB /* Pods-HelloKorea.release.xcconfig */ = {isa = PBXFileReference; includeInIndex = 1; lastKnownFileType = text.xcconfig; name = "Pods-HelloKorea.release.xcconfig"; path = "Target Support Files/Pods-HelloKorea/Pods-HelloKorea.release.xcconfig"; sourceTree = "<group>"; };
/* End PBXFileReference section */

/* Begin PBXFrameworksBuildPhase section */
		4BE1FC9D2AD12D3A00CA8106 /* Frameworks */ = {
			isa = PBXFrameworksBuildPhase;
			buildActionMask = 2147483647;
			files = (
				4B72BFA02B9F313500F2747F /* Pods_HelloKorea.framework in Frameworks */,
				4B72BF892B9F30A000F2747F /* FirebaseFunctions in Frameworks */,
				4B72BF7F2B9F30A000F2747F /* FirebaseDatabaseSwift in Frameworks */,
				4B72BF8F2B9F30A000F2747F /* FirebaseInAppMessagingSwift-Beta in Frameworks */,
				4B72BF952B9F30A000F2747F /* FirebaseMessaging in Frameworks */,
				4B72BF752B9F30A000F2747F /* FirebaseAppDistribution-Beta in Frameworks */,
				4B72BF792B9F30A000F2747F /* FirebaseAuthCombine-Community in Frameworks */,
				4B72BF852B9F30A000F2747F /* FirebaseFirestoreCombine-Community in Frameworks */,
				4B72BF6F2B9F30A000F2747F /* FirebaseAnalyticsSwift in Frameworks */,
				4B72BF932B9F30A000F2747F /* FirebaseMLModelDownloader in Frameworks */,
				4B72BF712B9F30A000F2747F /* FirebaseAnalyticsWithoutAdIdSupport in Frameworks */,
				4B72BF6B2B9F30A000F2747F /* FirebaseAnalytics in Frameworks */,
				4B72BF872B9F30A000F2747F /* FirebaseFirestoreSwift in Frameworks */,
				4B72BF6D2B9F30A000F2747F /* FirebaseAnalyticsOnDeviceConversion in Frameworks */,
				4B72BF732B9F30A000F2747F /* FirebaseAppCheck in Frameworks */,
				4B72BF972B9F30A100F2747F /* FirebasePerformance in Frameworks */,
				4B72BF8D2B9F30A000F2747F /* FirebaseInAppMessaging-Beta in Frameworks */,
				4B72BF8B2B9F30A000F2747F /* FirebaseFunctionsCombine-Community in Frameworks */,
				4B72BF7B2B9F30A000F2747F /* FirebaseCrashlytics in Frameworks */,
				4B72BF912B9F30A000F2747F /* FirebaseInstallations in Frameworks */,
				4B72BF992B9F30A100F2747F /* FirebaseRemoteConfig in Frameworks */,
				4B72BF9D2B9F30A100F2747F /* FirebaseStorage in Frameworks */,
				4B72BF7D2B9F30A000F2747F /* FirebaseDatabase in Frameworks */,
				4B72BF9F2B9F30A100F2747F /* FirebaseStorageCombine-Community in Frameworks */,
				4B72BF772B9F30A000F2747F /* FirebaseAuth in Frameworks */,
				4B72BF812B9F30A000F2747F /* FirebaseDynamicLinks in Frameworks */,
				4B72BF832B9F30A000F2747F /* FirebaseFirestore in Frameworks */,
				4B72BF9B2B9F30A100F2747F /* FirebaseRemoteConfigSwift in Frameworks */,
			);
			runOnlyForDeploymentPostprocessing = 0;
		};
/* End PBXFrameworksBuildPhase section */

/* Begin PBXGroup section */
		102D84E21A794531BABEAC14 /* Pods */ = {
			isa = PBXGroup;
			children = (
				C5136CB8FE0465DD74A3A6A5 /* Pods-HelloKorea.debug.xcconfig */,
				DB566A30FD41356EE3429FFB /* Pods-HelloKorea.release.xcconfig */,
			);
			path = Pods;
			sourceTree = "<group>";
		};
		42C46F64F200286524881C67 /* Frameworks */ = {
			isa = PBXGroup;
			children = (
				017B154A9D77F342A70709A6 /* Pods_HelloKorea.framework */,
			);
			name = Frameworks;
			sourceTree = "<group>";
		};
		4B03B9612BAFD09B008CDF38 /* map */ = {
			isa = PBXGroup;
			children = (
				4B9C94632BA080F70086E4D7 /* CustomCalloutView.swift */,
				4B03B9642BB082A3008CDF38 /* CustomAnnotationView.swift */,
			);
			path = map;
			sourceTree = "<group>";
		};
		4B46455E2BB6B3A900B4A74F /* Controller */ = {
			isa = PBXGroup;
			children = (
				4BE1FCA72AD12D3A00CA8106 /* ContentListViewController.swift */,
				4B35117D2AFA60DB00B9F160 /* DetailViewController.swift */,
				4BDE4EB02B99C8C40005D28D /* FacilitiesViewController.swift */,
				4B35117F2AFA6CB600B9F160 /* MapViewController.swift */,
				4B743F932B0B359C005A7321 /* DetailModalViewController.swift */,
				4B15B2DE2ADECA48001533ED /* NavigationViewController.swift */,
				4B4ECD0B2BAC92E40027CEF7 /* NavigationPrayViewController.swift */,
				4B35117B2AFA176800B9F160 /* TabBarViewController.swift */,
			);
			path = Controller;
			sourceTree = "<group>";
		};
		4BE1FC972AD12D3900CA8106 = {
			isa = PBXGroup;
			children = (
				4BE1FCA22AD12D3A00CA8106 /* HelloKorea */,
				4BE1FCA12AD12D3A00CA8106 /* Products */,
				102D84E21A794531BABEAC14 /* Pods */,
				42C46F64F200286524881C67 /* Frameworks */,
			);
			sourceTree = "<group>";
		};
		4BE1FCA12AD12D3A00CA8106 /* Products */ = {
			isa = PBXGroup;
			children = (
				4BE1FCA02AD12D3A00CA8106 /* HelloKorea.app */,
			);
			name = Products;
			sourceTree = "<group>";
		};
		4BE1FCA22AD12D3A00CA8106 /* HelloKorea */ = {
			isa = PBXGroup;
			children = (
				4B9A8D4C2B88CB08003A7ED4 /* GoogleService-Info.plist */,
				4BE1FCB12AD12D3B00CA8106 /* Info.plist */,
				4BE1FCBA2AD131A600CA8106 /* Model */,
				4BE1FCBB2AD131B800CA8106 /* View */,
				4B46455E2BB6B3A900B4A74F /* Controller */,
				4BE1FCB72AD1314700CA8106 /* Extension */,
				4BE1FCA32AD12D3A00CA8106 /* AppDelegate.swift */,
				4BE1FCA52AD12D3A00CA8106 /* SceneDelegate.swift */,
				4B15B2E02ADECB4A001533ED /* Color.swift */,
				4BA1A5F72B9EB9C500AAAB7F /* GoogleService-Info.plist */,
				4BE1FCAC2AD12D3B00CA8106 /* Assets.xcassets */,
			);
			path = HelloKorea;
			sourceTree = "<group>";
		};
		4BE1FCB72AD1314700CA8106 /* Extension */ = {
			isa = PBXGroup;
			children = (
				4BE1FCB82AD1316D00CA8106 /* UIColorExtension.swift */,
				4BE1FCBF2AD1328000CA8106 /* UIViewExtension.swift */,
				4B3511832AFA6D6C00B9F160 /* MKMapViewExtension.swift */,
			);
			path = Extension;
			sourceTree = "<group>";
		};
		4BE1FCBA2AD131A600CA8106 /* Model */ = {
			isa = PBXGroup;
			children = (
				4B2045D32AD42D5E00110625 /* Location.swift */,
				4B2045CF2AD42D3600110625 /* ContentsModel.swift */,
				4B3511812AFA6CE700B9F160 /* Artwork.swift */,
			);
			path = Model;
			sourceTree = "<group>";
		};
		4BE1FCBB2AD131B800CA8106 /* View */ = {
			isa = PBXGroup;
			children = (
				4B5CF7622BA6CA7D00B2356B /* LoadingView.swift */,
				4B3049EF2BB6B7C00060A875 /* ContentListView.swift */,
				4B9845812BB6C94400C18496 /* DetailView.swift */,
				4B9845832BB6CC6100C18496 /* FacilitiesView.swift */,
				4BE1FCBD2AD131EC00CA8106 /* CSCollectionViewCell.swift */,
				4B9845852BB6D18900C18496 /* MapView.swift */,
				4BE1FCAE2AD12D3B00CA8106 /* LaunchScreen.storyboard */,
				4BE1FCA92AD12D3A00CA8106 /* Main.storyboard */,
				4B03B9612BAFD09B008CDF38 /* map */,
			);
			path = View;
			sourceTree = "<group>";
		};
/* End PBXGroup section */

/* Begin PBXNativeTarget section */
		4BE1FC9F2AD12D3A00CA8106 /* HelloKorea */ = {
			isa = PBXNativeTarget;
			buildConfigurationList = 4BE1FCB42AD12D3B00CA8106 /* Build configuration list for PBXNativeTarget "HelloKorea" */;
			buildPhases = (
				D026CEECA2372D6B98FB016B /* [CP] Check Pods Manifest.lock */,
				4BE1FC9C2AD12D3A00CA8106 /* Sources */,
				4BE1FC9D2AD12D3A00CA8106 /* Frameworks */,
				4BE1FC9E2AD12D3A00CA8106 /* Resources */,
				886DAF2245904F5E7FE1BFD5 /* [CP] Embed Pods Frameworks */,
				4B72BFA22B9F313500F2747F /* Embed Frameworks */,
			);
			buildRules = (
			);
			dependencies = (
			);
			name = HelloKorea;
			packageProductDependencies = (
				4B72BF6A2B9F30A000F2747F /* FirebaseAnalytics */,
				4B72BF6C2B9F30A000F2747F /* FirebaseAnalyticsOnDeviceConversion */,
				4B72BF6E2B9F30A000F2747F /* FirebaseAnalyticsSwift */,
				4B72BF702B9F30A000F2747F /* FirebaseAnalyticsWithoutAdIdSupport */,
				4B72BF722B9F30A000F2747F /* FirebaseAppCheck */,
				4B72BF742B9F30A000F2747F /* FirebaseAppDistribution-Beta */,
				4B72BF762B9F30A000F2747F /* FirebaseAuth */,
				4B72BF782B9F30A000F2747F /* FirebaseAuthCombine-Community */,
				4B72BF7A2B9F30A000F2747F /* FirebaseCrashlytics */,
				4B72BF7C2B9F30A000F2747F /* FirebaseDatabase */,
				4B72BF7E2B9F30A000F2747F /* FirebaseDatabaseSwift */,
				4B72BF802B9F30A000F2747F /* FirebaseDynamicLinks */,
				4B72BF822B9F30A000F2747F /* FirebaseFirestore */,
				4B72BF842B9F30A000F2747F /* FirebaseFirestoreCombine-Community */,
				4B72BF862B9F30A000F2747F /* FirebaseFirestoreSwift */,
				4B72BF882B9F30A000F2747F /* FirebaseFunctions */,
				4B72BF8A2B9F30A000F2747F /* FirebaseFunctionsCombine-Community */,
				4B72BF8C2B9F30A000F2747F /* FirebaseInAppMessaging-Beta */,
				4B72BF8E2B9F30A000F2747F /* FirebaseInAppMessagingSwift-Beta */,
				4B72BF902B9F30A000F2747F /* FirebaseInstallations */,
				4B72BF922B9F30A000F2747F /* FirebaseMLModelDownloader */,
				4B72BF942B9F30A000F2747F /* FirebaseMessaging */,
				4B72BF962B9F30A100F2747F /* FirebasePerformance */,
				4B72BF982B9F30A100F2747F /* FirebaseRemoteConfig */,
				4B72BF9A2B9F30A100F2747F /* FirebaseRemoteConfigSwift */,
				4B72BF9C2B9F30A100F2747F /* FirebaseStorage */,
				4B72BF9E2B9F30A100F2747F /* FirebaseStorageCombine-Community */,
			);
			productName = HelloKorea;
			productReference = 4BE1FCA02AD12D3A00CA8106 /* HelloKorea.app */;
			productType = "com.apple.product-type.application";
		};
/* End PBXNativeTarget section */

/* Begin PBXProject section */
		4BE1FC982AD12D3900CA8106 /* Project object */ = {
			isa = PBXProject;
			attributes = {
				BuildIndependentTargetsInParallel = 1;
				LastSwiftUpdateCheck = 1430;
				LastUpgradeCheck = 1430;
				TargetAttributes = {
					4BE1FC9F2AD12D3A00CA8106 = {
						CreatedOnToolsVersion = 14.3.1;
					};
				};
			};
			buildConfigurationList = 4BE1FC9B2AD12D3900CA8106 /* Build configuration list for PBXProject "HelloKorea" */;
			compatibilityVersion = "Xcode 14.0";
			developmentRegion = en;
			hasScannedForEncodings = 0;
			knownRegions = (
				en,
				Base,
			);
			mainGroup = 4BE1FC972AD12D3900CA8106;
			packageReferences = (
				4B72BF692B9F30A000F2747F /* XCRemoteSwiftPackageReference "firebase-ios-sdk" */,
			);
			productRefGroup = 4BE1FCA12AD12D3A00CA8106 /* Products */;
			projectDirPath = "";
			projectRoot = "";
			targets = (
				4BE1FC9F2AD12D3A00CA8106 /* HelloKorea */,
			);
		};
/* End PBXProject section */

/* Begin PBXResourcesBuildPhase section */
		4BE1FC9E2AD12D3A00CA8106 /* Resources */ = {
			isa = PBXResourcesBuildPhase;
			buildActionMask = 2147483647;
			files = (
				4BE1FCB02AD12D3B00CA8106 /* LaunchScreen.storyboard in Resources */,
				4BA1A5F82B9EB9C500AAAB7F /* GoogleService-Info.plist in Resources */,
				4BE1FCAD2AD12D3B00CA8106 /* Assets.xcassets in Resources */,
				4BE1FCAB2AD12D3A00CA8106 /* Main.storyboard in Resources */,
			);
			runOnlyForDeploymentPostprocessing = 0;
		};
/* End PBXResourcesBuildPhase section */

/* Begin PBXShellScriptBuildPhase section */
		886DAF2245904F5E7FE1BFD5 /* [CP] Embed Pods Frameworks */ = {
			isa = PBXShellScriptBuildPhase;
			buildActionMask = 2147483647;
			files = (
			);
			inputFileListPaths = (
				"${PODS_ROOT}/Target Support Files/Pods-HelloKorea/Pods-HelloKorea-frameworks-${CONFIGURATION}-input-files.xcfilelist",
			);
			name = "[CP] Embed Pods Frameworks";
			outputFileListPaths = (
				"${PODS_ROOT}/Target Support Files/Pods-HelloKorea/Pods-HelloKorea-frameworks-${CONFIGURATION}-output-files.xcfilelist",
			);
			runOnlyForDeploymentPostprocessing = 0;
			shellPath = /bin/sh;
			shellScript = "\"${PODS_ROOT}/Target Support Files/Pods-HelloKorea/Pods-HelloKorea-frameworks.sh\"\n";
			showEnvVarsInLog = 0;
		};
		D026CEECA2372D6B98FB016B /* [CP] Check Pods Manifest.lock */ = {
			isa = PBXShellScriptBuildPhase;
			buildActionMask = 2147483647;
			files = (
			);
			inputFileListPaths = (
			);
			inputPaths = (
				"${PODS_PODFILE_DIR_PATH}/Podfile.lock",
				"${PODS_ROOT}/Manifest.lock",
			);
			name = "[CP] Check Pods Manifest.lock";
			outputFileListPaths = (
			);
			outputPaths = (
				"$(DERIVED_FILE_DIR)/Pods-HelloKorea-checkManifestLockResult.txt",
			);
			runOnlyForDeploymentPostprocessing = 0;
			shellPath = /bin/sh;
			shellScript = "diff \"${PODS_PODFILE_DIR_PATH}/Podfile.lock\" \"${PODS_ROOT}/Manifest.lock\" > /dev/null\nif [ $? != 0 ] ; then\n    # print error to STDERR\n    echo \"error: The sandbox is not in sync with the Podfile.lock. Run 'pod install' or update your CocoaPods installation.\" >&2\n    exit 1\nfi\n# This output is used by Xcode 'outputs' to avoid re-running this script phase.\necho \"SUCCESS\" > \"${SCRIPT_OUTPUT_FILE_0}\"\n";
			showEnvVarsInLog = 0;
		};
/* End PBXShellScriptBuildPhase section */

/* Begin PBXSourcesBuildPhase section */
		4BE1FC9C2AD12D3A00CA8106 /* Sources */ = {
			isa = PBXSourcesBuildPhase;
			buildActionMask = 2147483647;
			files = (
				4B35117E2AFA60DB00B9F160 /* DetailViewController.swift in Sources */,
				4B9845822BB6C94400C18496 /* DetailView.swift in Sources */,
				4B3511842AFA6D6C00B9F160 /* MKMapViewExtension.swift in Sources */,
				4B9845842BB6CC6100C18496 /* FacilitiesView.swift in Sources */,
				4BE1FCC02AD1328000CA8106 /* UIViewExtension.swift in Sources */,
				4B2045D42AD42D5E00110625 /* Location.swift in Sources */,
				4B15B2E12ADECB4A001533ED /* Color.swift in Sources */,
				4B5CF7632BA6CA7D00B2356B /* LoadingView.swift in Sources */,
				4BE1FCA82AD12D3A00CA8106 /* ContentListViewController.swift in Sources */,
				4B35117C2AFA176800B9F160 /* TabBarViewController.swift in Sources */,
				4BE1FCA42AD12D3A00CA8106 /* AppDelegate.swift in Sources */,
				4B9C94642BA080F70086E4D7 /* CustomCalloutView.swift in Sources */,
				4B9845862BB6D18900C18496 /* MapView.swift in Sources */,
				4BDE4EB12B99C8C40005D28D /* FacilitiesViewController.swift in Sources */,
				4BE1FCA62AD12D3A00CA8106 /* SceneDelegate.swift in Sources */,
				4B2045D02AD42D3600110625 /* ContentsModel.swift in Sources */,
				4B3511822AFA6CE700B9F160 /* Artwork.swift in Sources */,
				4BE1FCB92AD1316D00CA8106 /* UIColorExtension.swift in Sources */,
				4B15B2DF2ADECA48001533ED /* NavigationViewController.swift in Sources */,
				4BE1FCBE2AD131EC00CA8106 /* CSCollectionViewCell.swift in Sources */,
				4B3049F02BB6B7C00060A875 /* ContentListView.swift in Sources */,
				4B3511802AFA6CB600B9F160 /* MapViewController.swift in Sources */,
				4B4ECD0C2BAC92E40027CEF7 /* NavigationPrayViewController.swift in Sources */,
				4B03B9652BB082A3008CDF38 /* CustomAnnotationView.swift in Sources */,
				4B743F942B0B359C005A7321 /* DetailModalViewController.swift in Sources */,
			);
			runOnlyForDeploymentPostprocessing = 0;
		};
/* End PBXSourcesBuildPhase section */

/* Begin PBXVariantGroup section */
		4BE1FCA92AD12D3A00CA8106 /* Main.storyboard */ = {
			isa = PBXVariantGroup;
			children = (
				4BE1FCAA2AD12D3A00CA8106 /* Base */,
			);
			name = Main.storyboard;
			sourceTree = "<group>";
		};
		4BE1FCAE2AD12D3B00CA8106 /* LaunchScreen.storyboard */ = {
			isa = PBXVariantGroup;
			children = (
				4BE1FCAF2AD12D3B00CA8106 /* Base */,
			);
			name = LaunchScreen.storyboard;
			sourceTree = "<group>";
		};
/* End PBXVariantGroup section */

/* Begin XCBuildConfiguration section */
		4BE1FCB22AD12D3B00CA8106 /* Debug */ = {
			isa = XCBuildConfiguration;
			buildSettings = {
				ALWAYS_SEARCH_USER_PATHS = NO;
				CLANG_ANALYZER_NONNULL = YES;
				CLANG_ANALYZER_NUMBER_OBJECT_CONVERSION = YES_AGGRESSIVE;
				CLANG_CXX_LANGUAGE_STANDARD = "gnu++20";
				CLANG_ENABLE_MODULES = YES;
				CLANG_ENABLE_OBJC_ARC = YES;
				CLANG_ENABLE_OBJC_WEAK = YES;
				CLANG_WARN_BLOCK_CAPTURE_AUTORELEASING = YES;
				CLANG_WARN_BOOL_CONVERSION = YES;
				CLANG_WARN_COMMA = YES;
				CLANG_WARN_CONSTANT_CONVERSION = YES;
				CLANG_WARN_DEPRECATED_OBJC_IMPLEMENTATIONS = YES;
				CLANG_WARN_DIRECT_OBJC_ISA_USAGE = YES_ERROR;
				CLANG_WARN_DOCUMENTATION_COMMENTS = YES;
				CLANG_WARN_EMPTY_BODY = YES;
				CLANG_WARN_ENUM_CONVERSION = YES;
				CLANG_WARN_INFINITE_RECURSION = YES;
				CLANG_WARN_INT_CONVERSION = YES;
				CLANG_WARN_NON_LITERAL_NULL_CONVERSION = YES;
				CLANG_WARN_OBJC_IMPLICIT_RETAIN_SELF = YES;
				CLANG_WARN_OBJC_LITERAL_CONVERSION = YES;
				CLANG_WARN_OBJC_ROOT_CLASS = YES_ERROR;
				CLANG_WARN_QUOTED_INCLUDE_IN_FRAMEWORK_HEADER = YES;
				CLANG_WARN_RANGE_LOOP_ANALYSIS = YES;
				CLANG_WARN_STRICT_PROTOTYPES = YES;
				CLANG_WARN_SUSPICIOUS_MOVE = YES;
				CLANG_WARN_UNGUARDED_AVAILABILITY = YES_AGGRESSIVE;
				CLANG_WARN_UNREACHABLE_CODE = YES;
				CLANG_WARN__DUPLICATE_METHOD_MATCH = YES;
				COPY_PHASE_STRIP = NO;
				DEBUG_INFORMATION_FORMAT = dwarf;
				ENABLE_STRICT_OBJC_MSGSEND = YES;
				ENABLE_TESTABILITY = YES;
				GCC_C_LANGUAGE_STANDARD = gnu11;
				GCC_DYNAMIC_NO_PIC = NO;
				GCC_NO_COMMON_BLOCKS = YES;
				GCC_OPTIMIZATION_LEVEL = 0;
				GCC_PREPROCESSOR_DEFINITIONS = (
					"DEBUG=1",
					"$(inherited)",
				);
				GCC_WARN_64_TO_32_BIT_CONVERSION = YES;
				GCC_WARN_ABOUT_RETURN_TYPE = YES_ERROR;
				GCC_WARN_UNDECLARED_SELECTOR = YES;
				GCC_WARN_UNINITIALIZED_AUTOS = YES_AGGRESSIVE;
				GCC_WARN_UNUSED_FUNCTION = YES;
				GCC_WARN_UNUSED_VARIABLE = YES;
				IPHONEOS_DEPLOYMENT_TARGET = 17.0;
				MTL_ENABLE_DEBUG_INFO = INCLUDE_SOURCE;
				MTL_FAST_MATH = YES;
				ONLY_ACTIVE_ARCH = YES;
				SDKROOT = iphoneos;
				SWIFT_ACTIVE_COMPILATION_CONDITIONS = DEBUG;
				SWIFT_OPTIMIZATION_LEVEL = "-Onone";
			};
			name = Debug;
		};
		4BE1FCB32AD12D3B00CA8106 /* Release */ = {
			isa = XCBuildConfiguration;
			buildSettings = {
				ALWAYS_SEARCH_USER_PATHS = NO;
				CLANG_ANALYZER_NONNULL = YES;
				CLANG_ANALYZER_NUMBER_OBJECT_CONVERSION = YES_AGGRESSIVE;
				CLANG_CXX_LANGUAGE_STANDARD = "gnu++20";
				CLANG_ENABLE_MODULES = YES;
				CLANG_ENABLE_OBJC_ARC = YES;
				CLANG_ENABLE_OBJC_WEAK = YES;
				CLANG_WARN_BLOCK_CAPTURE_AUTORELEASING = YES;
				CLANG_WARN_BOOL_CONVERSION = YES;
				CLANG_WARN_COMMA = YES;
				CLANG_WARN_CONSTANT_CONVERSION = YES;
				CLANG_WARN_DEPRECATED_OBJC_IMPLEMENTATIONS = YES;
				CLANG_WARN_DIRECT_OBJC_ISA_USAGE = YES_ERROR;
				CLANG_WARN_DOCUMENTATION_COMMENTS = YES;
				CLANG_WARN_EMPTY_BODY = YES;
				CLANG_WARN_ENUM_CONVERSION = YES;
				CLANG_WARN_INFINITE_RECURSION = YES;
				CLANG_WARN_INT_CONVERSION = YES;
				CLANG_WARN_NON_LITERAL_NULL_CONVERSION = YES;
				CLANG_WARN_OBJC_IMPLICIT_RETAIN_SELF = YES;
				CLANG_WARN_OBJC_LITERAL_CONVERSION = YES;
				CLANG_WARN_OBJC_ROOT_CLASS = YES_ERROR;
				CLANG_WARN_QUOTED_INCLUDE_IN_FRAMEWORK_HEADER = YES;
				CLANG_WARN_RANGE_LOOP_ANALYSIS = YES;
				CLANG_WARN_STRICT_PROTOTYPES = YES;
				CLANG_WARN_SUSPICIOUS_MOVE = YES;
				CLANG_WARN_UNGUARDED_AVAILABILITY = YES_AGGRESSIVE;
				CLANG_WARN_UNREACHABLE_CODE = YES;
				CLANG_WARN__DUPLICATE_METHOD_MATCH = YES;
				COPY_PHASE_STRIP = NO;
				DEBUG_INFORMATION_FORMAT = "dwarf-with-dsym";
				ENABLE_NS_ASSERTIONS = NO;
				ENABLE_STRICT_OBJC_MSGSEND = YES;
				GCC_C_LANGUAGE_STANDARD = gnu11;
				GCC_NO_COMMON_BLOCKS = YES;
				GCC_WARN_64_TO_32_BIT_CONVERSION = YES;
				GCC_WARN_ABOUT_RETURN_TYPE = YES_ERROR;
				GCC_WARN_UNDECLARED_SELECTOR = YES;
				GCC_WARN_UNINITIALIZED_AUTOS = YES_AGGRESSIVE;
				GCC_WARN_UNUSED_FUNCTION = YES;
				GCC_WARN_UNUSED_VARIABLE = YES;
				IPHONEOS_DEPLOYMENT_TARGET = 17.0;
				MTL_ENABLE_DEBUG_INFO = NO;
				MTL_FAST_MATH = YES;
				SDKROOT = iphoneos;
				SWIFT_COMPILATION_MODE = wholemodule;
				SWIFT_OPTIMIZATION_LEVEL = "-O";
				VALIDATE_PRODUCT = YES;
			};
			name = Release;
		};
		4BE1FCB52AD12D3B00CA8106 /* Debug */ = {
			isa = XCBuildConfiguration;
			baseConfigurationReference = C5136CB8FE0465DD74A3A6A5 /* Pods-HelloKorea.debug.xcconfig */;
			buildSettings = {
				ASSETCATALOG_COMPILER_APPICON_NAME = AppIcon;
				ASSETCATALOG_COMPILER_GLOBAL_ACCENT_COLOR_NAME = AccentColor;
				CODE_SIGN_STYLE = Automatic;
				CURRENT_PROJECT_VERSION = 1;
				DEVELOPMENT_TEAM = 9TAZSB82Y8;
				GENERATE_INFOPLIST_FILE = YES;
				INFOPLIST_FILE = HelloKorea/Info.plist;
				INFOPLIST_KEY_UIApplicationSupportsIndirectInputEvents = YES;
				INFOPLIST_KEY_UILaunchStoryboardName = LaunchScreen;
				INFOPLIST_KEY_UIMainStoryboardFile = Main;
				INFOPLIST_KEY_UISupportedInterfaceOrientations = UIInterfaceOrientationPortrait;
				INFOPLIST_KEY_UISupportedInterfaceOrientations_iPad = "UIInterfaceOrientationLandscapeLeft UIInterfaceOrientationLandscapeRight UIInterfaceOrientationPortrait UIInterfaceOrientationPortraitUpsideDown";
				LD_RUNPATH_SEARCH_PATHS = (
					"$(inherited)",
					"@executable_path/Frameworks",
				);
				MARKETING_VERSION = 1.0;
				PRODUCT_BUNDLE_IDENTIFIER = dingdong.HelloKorea;
				PRODUCT_NAME = "$(TARGET_NAME)";
				SUPPORTED_PLATFORMS = "iphoneos iphonesimulator";
				SUPPORTS_MACCATALYST = NO;
				SUPPORTS_MAC_DESIGNED_FOR_IPHONE_IPAD = NO;
				SUPPORTS_XR_DESIGNED_FOR_IPHONE_IPAD = NO;
				SWIFT_EMIT_LOC_STRINGS = YES;
				SWIFT_VERSION = 5.0;
				TARGETED_DEVICE_FAMILY = 1;
			};
			name = Debug;
		};
		4BE1FCB62AD12D3B00CA8106 /* Release */ = {
			isa = XCBuildConfiguration;
			baseConfigurationReference = DB566A30FD41356EE3429FFB /* Pods-HelloKorea.release.xcconfig */;
			buildSettings = {
				ASSETCATALOG_COMPILER_APPICON_NAME = AppIcon;
				ASSETCATALOG_COMPILER_GLOBAL_ACCENT_COLOR_NAME = AccentColor;
				CODE_SIGN_STYLE = Automatic;
				CURRENT_PROJECT_VERSION = 1;
				DEVELOPMENT_TEAM = 9TAZSB82Y8;
				GENERATE_INFOPLIST_FILE = YES;
				INFOPLIST_FILE = HelloKorea/Info.plist;
				INFOPLIST_KEY_UIApplicationSupportsIndirectInputEvents = YES;
				INFOPLIST_KEY_UILaunchStoryboardName = LaunchScreen;
				INFOPLIST_KEY_UIMainStoryboardFile = Main;
				INFOPLIST_KEY_UISupportedInterfaceOrientations = UIInterfaceOrientationPortrait;
				INFOPLIST_KEY_UISupportedInterfaceOrientations_iPad = "UIInterfaceOrientationLandscapeLeft UIInterfaceOrientationLandscapeRight UIInterfaceOrientationPortrait UIInterfaceOrientationPortraitUpsideDown";
				LD_RUNPATH_SEARCH_PATHS = (
					"$(inherited)",
					"@executable_path/Frameworks",
				);
				MARKETING_VERSION = 1.0;
				PRODUCT_BUNDLE_IDENTIFIER = dingdong.HelloKorea;
				PRODUCT_NAME = "$(TARGET_NAME)";
				SUPPORTED_PLATFORMS = "iphoneos iphonesimulator";
				SUPPORTS_MACCATALYST = NO;
				SUPPORTS_MAC_DESIGNED_FOR_IPHONE_IPAD = NO;
				SUPPORTS_XR_DESIGNED_FOR_IPHONE_IPAD = NO;
				SWIFT_EMIT_LOC_STRINGS = YES;
				SWIFT_VERSION = 5.0;
				TARGETED_DEVICE_FAMILY = 1;
			};
			name = Release;
		};
/* End XCBuildConfiguration section */

/* Begin XCConfigurationList section */
		4BE1FC9B2AD12D3900CA8106 /* Build configuration list for PBXProject "HelloKorea" */ = {
			isa = XCConfigurationList;
			buildConfigurations = (
				4BE1FCB22AD12D3B00CA8106 /* Debug */,
				4BE1FCB32AD12D3B00CA8106 /* Release */,
			);
			defaultConfigurationIsVisible = 0;
			defaultConfigurationName = Release;
		};
		4BE1FCB42AD12D3B00CA8106 /* Build configuration list for PBXNativeTarget "HelloKorea" */ = {
			isa = XCConfigurationList;
			buildConfigurations = (
				4BE1FCB52AD12D3B00CA8106 /* Debug */,
				4BE1FCB62AD12D3B00CA8106 /* Release */,
			);
			defaultConfigurationIsVisible = 0;
			defaultConfigurationName = Release;
		};
/* End XCConfigurationList section */

/* Begin XCRemoteSwiftPackageReference section */
		4B72BF692B9F30A000F2747F /* XCRemoteSwiftPackageReference "firebase-ios-sdk" */ = {
			isa = XCRemoteSwiftPackageReference;
			repositoryURL = "https://github.com/firebase/firebase-ios-sdk.git";
			requirement = {
				kind = upToNextMajorVersion;
				minimumVersion = 10.22.1;
			};
		};
/* End XCRemoteSwiftPackageReference section */

/* Begin XCSwiftPackageProductDependency section */
		4B72BF6A2B9F30A000F2747F /* FirebaseAnalytics */ = {
			isa = XCSwiftPackageProductDependency;
			package = 4B72BF692B9F30A000F2747F /* XCRemoteSwiftPackageReference "firebase-ios-sdk" */;
			productName = FirebaseAnalytics;
		};
		4B72BF6C2B9F30A000F2747F /* FirebaseAnalyticsOnDeviceConversion */ = {
			isa = XCSwiftPackageProductDependency;
			package = 4B72BF692B9F30A000F2747F /* XCRemoteSwiftPackageReference "firebase-ios-sdk" */;
			productName = FirebaseAnalyticsOnDeviceConversion;
		};
		4B72BF6E2B9F30A000F2747F /* FirebaseAnalyticsSwift */ = {
			isa = XCSwiftPackageProductDependency;
			package = 4B72BF692B9F30A000F2747F /* XCRemoteSwiftPackageReference "firebase-ios-sdk" */;
			productName = FirebaseAnalyticsSwift;
		};
		4B72BF702B9F30A000F2747F /* FirebaseAnalyticsWithoutAdIdSupport */ = {
			isa = XCSwiftPackageProductDependency;
			package = 4B72BF692B9F30A000F2747F /* XCRemoteSwiftPackageReference "firebase-ios-sdk" */;
			productName = FirebaseAnalyticsWithoutAdIdSupport;
		};
		4B72BF722B9F30A000F2747F /* FirebaseAppCheck */ = {
			isa = XCSwiftPackageProductDependency;
			package = 4B72BF692B9F30A000F2747F /* XCRemoteSwiftPackageReference "firebase-ios-sdk" */;
			productName = FirebaseAppCheck;
		};
		4B72BF742B9F30A000F2747F /* FirebaseAppDistribution-Beta */ = {
			isa = XCSwiftPackageProductDependency;
			package = 4B72BF692B9F30A000F2747F /* XCRemoteSwiftPackageReference "firebase-ios-sdk" */;
			productName = "FirebaseAppDistribution-Beta";
		};
		4B72BF762B9F30A000F2747F /* FirebaseAuth */ = {
			isa = XCSwiftPackageProductDependency;
			package = 4B72BF692B9F30A000F2747F /* XCRemoteSwiftPackageReference "firebase-ios-sdk" */;
			productName = FirebaseAuth;
		};
		4B72BF782B9F30A000F2747F /* FirebaseAuthCombine-Community */ = {
			isa = XCSwiftPackageProductDependency;
			package = 4B72BF692B9F30A000F2747F /* XCRemoteSwiftPackageReference "firebase-ios-sdk" */;
			productName = "FirebaseAuthCombine-Community";
		};
		4B72BF7A2B9F30A000F2747F /* FirebaseCrashlytics */ = {
			isa = XCSwiftPackageProductDependency;
			package = 4B72BF692B9F30A000F2747F /* XCRemoteSwiftPackageReference "firebase-ios-sdk" */;
			productName = FirebaseCrashlytics;
		};
		4B72BF7C2B9F30A000F2747F /* FirebaseDatabase */ = {
			isa = XCSwiftPackageProductDependency;
			package = 4B72BF692B9F30A000F2747F /* XCRemoteSwiftPackageReference "firebase-ios-sdk" */;
			productName = FirebaseDatabase;
		};
		4B72BF7E2B9F30A000F2747F /* FirebaseDatabaseSwift */ = {
			isa = XCSwiftPackageProductDependency;
			package = 4B72BF692B9F30A000F2747F /* XCRemoteSwiftPackageReference "firebase-ios-sdk" */;
			productName = FirebaseDatabaseSwift;
		};
		4B72BF802B9F30A000F2747F /* FirebaseDynamicLinks */ = {
			isa = XCSwiftPackageProductDependency;
			package = 4B72BF692B9F30A000F2747F /* XCRemoteSwiftPackageReference "firebase-ios-sdk" */;
			productName = FirebaseDynamicLinks;
		};
		4B72BF822B9F30A000F2747F /* FirebaseFirestore */ = {
			isa = XCSwiftPackageProductDependency;
			package = 4B72BF692B9F30A000F2747F /* XCRemoteSwiftPackageReference "firebase-ios-sdk" */;
			productName = FirebaseFirestore;
		};
		4B72BF842B9F30A000F2747F /* FirebaseFirestoreCombine-Community */ = {
			isa = XCSwiftPackageProductDependency;
			package = 4B72BF692B9F30A000F2747F /* XCRemoteSwiftPackageReference "firebase-ios-sdk" */;
			productName = "FirebaseFirestoreCombine-Community";
		};
		4B72BF862B9F30A000F2747F /* FirebaseFirestoreSwift */ = {
			isa = XCSwiftPackageProductDependency;
			package = 4B72BF692B9F30A000F2747F /* XCRemoteSwiftPackageReference "firebase-ios-sdk" */;
			productName = FirebaseFirestoreSwift;
		};
		4B72BF882B9F30A000F2747F /* FirebaseFunctions */ = {
			isa = XCSwiftPackageProductDependency;
			package = 4B72BF692B9F30A000F2747F /* XCRemoteSwiftPackageReference "firebase-ios-sdk" */;
			productName = FirebaseFunctions;
		};
		4B72BF8A2B9F30A000F2747F /* FirebaseFunctionsCombine-Community */ = {
			isa = XCSwiftPackageProductDependency;
			package = 4B72BF692B9F30A000F2747F /* XCRemoteSwiftPackageReference "firebase-ios-sdk" */;
			productName = "FirebaseFunctionsCombine-Community";
		};
		4B72BF8C2B9F30A000F2747F /* FirebaseInAppMessaging-Beta */ = {
			isa = XCSwiftPackageProductDependency;
			package = 4B72BF692B9F30A000F2747F /* XCRemoteSwiftPackageReference "firebase-ios-sdk" */;
			productName = "FirebaseInAppMessaging-Beta";
		};
		4B72BF8E2B9F30A000F2747F /* FirebaseInAppMessagingSwift-Beta */ = {
			isa = XCSwiftPackageProductDependency;
			package = 4B72BF692B9F30A000F2747F /* XCRemoteSwiftPackageReference "firebase-ios-sdk" */;
			productName = "FirebaseInAppMessagingSwift-Beta";
		};
		4B72BF902B9F30A000F2747F /* FirebaseInstallations */ = {
			isa = XCSwiftPackageProductDependency;
			package = 4B72BF692B9F30A000F2747F /* XCRemoteSwiftPackageReference "firebase-ios-sdk" */;
			productName = FirebaseInstallations;
		};
		4B72BF922B9F30A000F2747F /* FirebaseMLModelDownloader */ = {
			isa = XCSwiftPackageProductDependency;
			package = 4B72BF692B9F30A000F2747F /* XCRemoteSwiftPackageReference "firebase-ios-sdk" */;
			productName = FirebaseMLModelDownloader;
		};
		4B72BF942B9F30A000F2747F /* FirebaseMessaging */ = {
			isa = XCSwiftPackageProductDependency;
			package = 4B72BF692B9F30A000F2747F /* XCRemoteSwiftPackageReference "firebase-ios-sdk" */;
			productName = FirebaseMessaging;
		};
		4B72BF962B9F30A100F2747F /* FirebasePerformance */ = {
			isa = XCSwiftPackageProductDependency;
			package = 4B72BF692B9F30A000F2747F /* XCRemoteSwiftPackageReference "firebase-ios-sdk" */;
			productName = FirebasePerformance;
		};
		4B72BF982B9F30A100F2747F /* FirebaseRemoteConfig */ = {
			isa = XCSwiftPackageProductDependency;
			package = 4B72BF692B9F30A000F2747F /* XCRemoteSwiftPackageReference "firebase-ios-sdk" */;
			productName = FirebaseRemoteConfig;
		};
		4B72BF9A2B9F30A100F2747F /* FirebaseRemoteConfigSwift */ = {
			isa = XCSwiftPackageProductDependency;
			package = 4B72BF692B9F30A000F2747F /* XCRemoteSwiftPackageReference "firebase-ios-sdk" */;
			productName = FirebaseRemoteConfigSwift;
		};
		4B72BF9C2B9F30A100F2747F /* FirebaseStorage */ = {
			isa = XCSwiftPackageProductDependency;
			package = 4B72BF692B9F30A000F2747F /* XCRemoteSwiftPackageReference "firebase-ios-sdk" */;
			productName = FirebaseStorage;
		};
		4B72BF9E2B9F30A100F2747F /* FirebaseStorageCombine-Community */ = {
			isa = XCSwiftPackageProductDependency;
			package = 4B72BF692B9F30A000F2747F /* XCRemoteSwiftPackageReference "firebase-ios-sdk" */;
			productName = "FirebaseStorageCombine-Community";
		};
/* End XCSwiftPackageProductDependency section */
	};
	rootObject = 4BE1FC982AD12D3900CA8106 /* Project object */;
}
