// !$*UTF8*$!
{
	archiveVersion = 1;
	classes = {
	};
	objectVersion = 56;
	objects = {

/* Begin PBXBuildFile section */
		4B15B2DF2ADECA48001533ED /* NavigationViewController.swift in Sources */ = {isa = PBXBuildFile; fileRef = 4B15B2DE2ADECA48001533ED /* NavigationViewController.swift */; };
		4B15B2E12ADECB4A001533ED /* Color.swift in Sources */ = {isa = PBXBuildFile; fileRef = 4B15B2E02ADECB4A001533ED /* Color.swift */; };
		4B2045D02AD42D3600110625 /* ContentsModel.swift in Sources */ = {isa = PBXBuildFile; fileRef = 4B2045CF2AD42D3600110625 /* ContentsModel.swift */; };
		4B2045D22AD42D4400110625 /* Datas.swift in Sources */ = {isa = PBXBuildFile; fileRef = 4B2045D12AD42D4400110625 /* Datas.swift */; };
		4B2045D42AD42D5E00110625 /* Location.swift in Sources */ = {isa = PBXBuildFile; fileRef = 4B2045D32AD42D5E00110625 /* Location.swift */; };
		4B35117C2AFA176800B9F160 /* TabBarViewController.swift in Sources */ = {isa = PBXBuildFile; fileRef = 4B35117B2AFA176800B9F160 /* TabBarViewController.swift */; };
		4B35117E2AFA60DB00B9F160 /* DetailViewController.swift in Sources */ = {isa = PBXBuildFile; fileRef = 4B35117D2AFA60DB00B9F160 /* DetailViewController.swift */; };
		4B3511802AFA6CB600B9F160 /* MapViewController.swift in Sources */ = {isa = PBXBuildFile; fileRef = 4B35117F2AFA6CB600B9F160 /* MapViewController.swift */; };
		4B3511822AFA6CE700B9F160 /* Artwork.swift in Sources */ = {isa = PBXBuildFile; fileRef = 4B3511812AFA6CE700B9F160 /* Artwork.swift */; };
		4B3511842AFA6D6C00B9F160 /* MKMapViewExtension.swift in Sources */ = {isa = PBXBuildFile; fileRef = 4B3511832AFA6D6C00B9F160 /* MKMapViewExtension.swift */; };
		4B46A0B52B5F9BE800791B05 /* LoginViewModel.swift in Sources */ = {isa = PBXBuildFile; fileRef = 4B46A0B42B5F9BE800791B05 /* LoginViewModel.swift */; };
		4B46A0B72B5F9E1C00791B05 /* LoginViewController.swift in Sources */ = {isa = PBXBuildFile; fileRef = 4B46A0B62B5F9E1C00791B05 /* LoginViewController.swift */; };
		4B743F942B0B359C005A7321 /* DetailModalViewController.swift in Sources */ = {isa = PBXBuildFile; fileRef = 4B743F932B0B359C005A7321 /* DetailModalViewController.swift */; };
		4BA97BC62B7CDBE900C16B4D /* GoogleService-Info.plist in Resources */ = {isa = PBXBuildFile; fileRef = 4BA97BC52B7CDBE900C16B4D /* GoogleService-Info.plist */; };
		4BB761E12B14F8E800D533C1 /* TipViewController.swift in Sources */ = {isa = PBXBuildFile; fileRef = 4BB761E02B14F8E800D533C1 /* TipViewController.swift */; };
		4BDE4EB12B99C8C40005D28D /* FacilitiesViewController.swift in Sources */ = {isa = PBXBuildFile; fileRef = 4BDE4EB02B99C8C40005D28D /* FacilitiesViewController.swift */; };
		4BDE4EB32B99E6410005D28D /* PraySpotListViewController.swift in Sources */ = {isa = PBXBuildFile; fileRef = 4BDE4EB22B99E6410005D28D /* PraySpotListViewController.swift */; };
		4BE1FCA42AD12D3A00CA8106 /* AppDelegate.swift in Sources */ = {isa = PBXBuildFile; fileRef = 4BE1FCA32AD12D3A00CA8106 /* AppDelegate.swift */; };
		4BE1FCA62AD12D3A00CA8106 /* SceneDelegate.swift in Sources */ = {isa = PBXBuildFile; fileRef = 4BE1FCA52AD12D3A00CA8106 /* SceneDelegate.swift */; };
		4BE1FCA82AD12D3A00CA8106 /* ContentListViewController.swift in Sources */ = {isa = PBXBuildFile; fileRef = 4BE1FCA72AD12D3A00CA8106 /* ContentListViewController.swift */; };
		4BE1FCAB2AD12D3A00CA8106 /* Main.storyboard in Resources */ = {isa = PBXBuildFile; fileRef = 4BE1FCA92AD12D3A00CA8106 /* Main.storyboard */; };
		4BE1FCAD2AD12D3B00CA8106 /* Assets.xcassets in Resources */ = {isa = PBXBuildFile; fileRef = 4BE1FCAC2AD12D3B00CA8106 /* Assets.xcassets */; };
		4BE1FCB02AD12D3B00CA8106 /* LaunchScreen.storyboard in Resources */ = {isa = PBXBuildFile; fileRef = 4BE1FCAE2AD12D3B00CA8106 /* LaunchScreen.storyboard */; };
		4BE1FCB92AD1316D00CA8106 /* UIColorExtension.swift in Sources */ = {isa = PBXBuildFile; fileRef = 4BE1FCB82AD1316D00CA8106 /* UIColorExtension.swift */; };
		4BE1FCBE2AD131EC00CA8106 /* CSCollectionViewCell.swift in Sources */ = {isa = PBXBuildFile; fileRef = 4BE1FCBD2AD131EC00CA8106 /* CSCollectionViewCell.swift */; };
		4BE1FCC02AD1328000CA8106 /* UIViewExtension.swift in Sources */ = {isa = PBXBuildFile; fileRef = 4BE1FCBF2AD1328000CA8106 /* UIViewExtension.swift */; };
		4BF278702B80A5A4007BC956 /* FirebaseStorage in Frameworks */ = {isa = PBXBuildFile; productRef = 4BF2786F2B80A5A4007BC956 /* FirebaseStorage */; };
		4BF278722B80A7A1007BC956 /* FirebaseAnalytics in Frameworks */ = {isa = PBXBuildFile; productRef = 4BF278712B80A7A1007BC956 /* FirebaseAnalytics */; };
		4BF278742B80A7A1007BC956 /* FirebaseAnalyticsOnDeviceConversion in Frameworks */ = {isa = PBXBuildFile; productRef = 4BF278732B80A7A1007BC956 /* FirebaseAnalyticsOnDeviceConversion */; };
		4BF278762B80A7A1007BC956 /* FirebaseAnalyticsSwift in Frameworks */ = {isa = PBXBuildFile; productRef = 4BF278752B80A7A1007BC956 /* FirebaseAnalyticsSwift */; };
		4BF278782B80A7A1007BC956 /* FirebaseAnalyticsWithoutAdIdSupport in Frameworks */ = {isa = PBXBuildFile; productRef = 4BF278772B80A7A1007BC956 /* FirebaseAnalyticsWithoutAdIdSupport */; };
		4BF2787A2B80A7A1007BC956 /* FirebaseAppCheck in Frameworks */ = {isa = PBXBuildFile; productRef = 4BF278792B80A7A1007BC956 /* FirebaseAppCheck */; };
		4BF2787C2B80A7A1007BC956 /* FirebaseAppDistribution-Beta in Frameworks */ = {isa = PBXBuildFile; productRef = 4BF2787B2B80A7A1007BC956 /* FirebaseAppDistribution-Beta */; };
		4BF2787E2B80A7A1007BC956 /* FirebaseAuth in Frameworks */ = {isa = PBXBuildFile; productRef = 4BF2787D2B80A7A1007BC956 /* FirebaseAuth */; };
		4BF278802B80A7A1007BC956 /* FirebaseAuthCombine-Community in Frameworks */ = {isa = PBXBuildFile; productRef = 4BF2787F2B80A7A1007BC956 /* FirebaseAuthCombine-Community */; };
		4BF278822B80A7A1007BC956 /* FirebaseCrashlytics in Frameworks */ = {isa = PBXBuildFile; productRef = 4BF278812B80A7A1007BC956 /* FirebaseCrashlytics */; };
		4BF278842B80A7A1007BC956 /* FirebaseDatabase in Frameworks */ = {isa = PBXBuildFile; productRef = 4BF278832B80A7A1007BC956 /* FirebaseDatabase */; };
		4BF278862B80A7A1007BC956 /* FirebaseDatabaseSwift in Frameworks */ = {isa = PBXBuildFile; productRef = 4BF278852B80A7A1007BC956 /* FirebaseDatabaseSwift */; };
		4BF278882B80A7A1007BC956 /* FirebaseDynamicLinks in Frameworks */ = {isa = PBXBuildFile; productRef = 4BF278872B80A7A1007BC956 /* FirebaseDynamicLinks */; };
		4BF2788A2B80A7A1007BC956 /* FirebaseFirestore in Frameworks */ = {isa = PBXBuildFile; productRef = 4BF278892B80A7A1007BC956 /* FirebaseFirestore */; };
		4BF2788C2B80A7A1007BC956 /* FirebaseFirestoreCombine-Community in Frameworks */ = {isa = PBXBuildFile; productRef = 4BF2788B2B80A7A1007BC956 /* FirebaseFirestoreCombine-Community */; };
		4BF2788E2B80A7A1007BC956 /* FirebaseFirestoreSwift in Frameworks */ = {isa = PBXBuildFile; productRef = 4BF2788D2B80A7A1007BC956 /* FirebaseFirestoreSwift */; };
		4BF278902B80A7A1007BC956 /* FirebaseFunctions in Frameworks */ = {isa = PBXBuildFile; productRef = 4BF2788F2B80A7A1007BC956 /* FirebaseFunctions */; };
		4BF278922B80A7A1007BC956 /* FirebaseFunctionsCombine-Community in Frameworks */ = {isa = PBXBuildFile; productRef = 4BF278912B80A7A1007BC956 /* FirebaseFunctionsCombine-Community */; };
		4BF278942B80A7A1007BC956 /* FirebaseInAppMessaging-Beta in Frameworks */ = {isa = PBXBuildFile; productRef = 4BF278932B80A7A1007BC956 /* FirebaseInAppMessaging-Beta */; };
		4BF278962B80A7A1007BC956 /* FirebaseInAppMessagingSwift-Beta in Frameworks */ = {isa = PBXBuildFile; productRef = 4BF278952B80A7A1007BC956 /* FirebaseInAppMessagingSwift-Beta */; };
		4BF278982B80A7A1007BC956 /* FirebaseInstallations in Frameworks */ = {isa = PBXBuildFile; productRef = 4BF278972B80A7A1007BC956 /* FirebaseInstallations */; };
		4BF2789A2B80A7A1007BC956 /* FirebaseMLModelDownloader in Frameworks */ = {isa = PBXBuildFile; productRef = 4BF278992B80A7A1007BC956 /* FirebaseMLModelDownloader */; };
		4BF2789C2B80A7A1007BC956 /* FirebaseMessaging in Frameworks */ = {isa = PBXBuildFile; productRef = 4BF2789B2B80A7A1007BC956 /* FirebaseMessaging */; };
		4BF2789E2B80A7A1007BC956 /* FirebasePerformance in Frameworks */ = {isa = PBXBuildFile; productRef = 4BF2789D2B80A7A1007BC956 /* FirebasePerformance */; };
		4BF278A02B80A7A1007BC956 /* FirebaseRemoteConfig in Frameworks */ = {isa = PBXBuildFile; productRef = 4BF2789F2B80A7A1007BC956 /* FirebaseRemoteConfig */; };
		4BF278A22B80A7A1007BC956 /* FirebaseRemoteConfigSwift in Frameworks */ = {isa = PBXBuildFile; productRef = 4BF278A12B80A7A1007BC956 /* FirebaseRemoteConfigSwift */; };
		4BF278A42B80A7A1007BC956 /* FirebaseStorage in Frameworks */ = {isa = PBXBuildFile; productRef = 4BF278A32B80A7A1007BC956 /* FirebaseStorage */; };
		4BF278A62B80A7A1007BC956 /* FirebaseStorageCombine-Community in Frameworks */ = {isa = PBXBuildFile; productRef = 4BF278A52B80A7A1007BC956 /* FirebaseStorageCombine-Community */; };
		C52854B8312C5CDB9EE387B8 /* Pods_HelloKorea.framework in Frameworks */ = {isa = PBXBuildFile; fileRef = 017B154A9D77F342A70709A6 /* Pods_HelloKorea.framework */; };
/* End PBXBuildFile section */

/* Begin PBXFileReference section */
		017B154A9D77F342A70709A6 /* Pods_HelloKorea.framework */ = {isa = PBXFileReference; explicitFileType = wrapper.framework; includeInIndex = 0; path = Pods_HelloKorea.framework; sourceTree = BUILT_PRODUCTS_DIR; };
		4B15B2DE2ADECA48001533ED /* NavigationViewController.swift */ = {isa = PBXFileReference; lastKnownFileType = sourcecode.swift; path = NavigationViewController.swift; sourceTree = "<group>"; };
		4B15B2E02ADECB4A001533ED /* Color.swift */ = {isa = PBXFileReference; lastKnownFileType = sourcecode.swift; path = Color.swift; sourceTree = "<group>"; };
		4B2045CF2AD42D3600110625 /* ContentsModel.swift */ = {isa = PBXFileReference; fileEncoding = 4; lastKnownFileType = sourcecode.swift; name = ContentsModel.swift; path = ../../../practice_pinOnMap/practice_pinOnMap/Model/ContentsModel.swift; sourceTree = "<group>"; };
		4B2045D12AD42D4400110625 /* Datas.swift */ = {isa = PBXFileReference; fileEncoding = 4; lastKnownFileType = sourcecode.swift; name = Datas.swift; path = ../../../practice_pinOnMap/practice_pinOnMap/Model/Datas.swift; sourceTree = "<group>"; };
		4B2045D32AD42D5E00110625 /* Location.swift */ = {isa = PBXFileReference; fileEncoding = 4; lastKnownFileType = sourcecode.swift; name = Location.swift; path = ../../../practice_pinOnMap/practice_pinOnMap/Model/Location.swift; sourceTree = "<group>"; };
		4B35117B2AFA176800B9F160 /* TabBarViewController.swift */ = {isa = PBXFileReference; lastKnownFileType = sourcecode.swift; path = TabBarViewController.swift; sourceTree = "<group>"; };
		4B35117D2AFA60DB00B9F160 /* DetailViewController.swift */ = {isa = PBXFileReference; lastKnownFileType = sourcecode.swift; path = DetailViewController.swift; sourceTree = "<group>"; };
		4B35117F2AFA6CB600B9F160 /* MapViewController.swift */ = {isa = PBXFileReference; lastKnownFileType = sourcecode.swift; path = MapViewController.swift; sourceTree = "<group>"; };
		4B3511812AFA6CE700B9F160 /* Artwork.swift */ = {isa = PBXFileReference; lastKnownFileType = sourcecode.swift; path = Artwork.swift; sourceTree = "<group>"; };
		4B3511832AFA6D6C00B9F160 /* MKMapViewExtension.swift */ = {isa = PBXFileReference; lastKnownFileType = sourcecode.swift; path = MKMapViewExtension.swift; sourceTree = "<group>"; };
		4B46A0B42B5F9BE800791B05 /* LoginViewModel.swift */ = {isa = PBXFileReference; lastKnownFileType = sourcecode.swift; path = LoginViewModel.swift; sourceTree = "<group>"; };
		4B46A0B62B5F9E1C00791B05 /* LoginViewController.swift */ = {isa = PBXFileReference; lastKnownFileType = sourcecode.swift; path = LoginViewController.swift; sourceTree = "<group>"; };
		4B743F932B0B359C005A7321 /* DetailModalViewController.swift */ = {isa = PBXFileReference; lastKnownFileType = sourcecode.swift; path = DetailModalViewController.swift; sourceTree = "<group>"; };
		4B9A8D4C2B88CB08003A7ED4 /* GoogleService-Info.plist */ = {isa = PBXFileReference; lastKnownFileType = text.plist.xml; path = "GoogleService-Info.plist"; sourceTree = "<group>"; };
		4BA97BC52B7CDBE900C16B4D /* GoogleService-Info.plist */ = {isa = PBXFileReference; fileEncoding = 4; lastKnownFileType = text.plist.xml; name = "GoogleService-Info.plist"; path = "../../../../Downloads/GoogleService-Info.plist"; sourceTree = "<group>"; };
		4BB761E02B14F8E800D533C1 /* TipViewController.swift */ = {isa = PBXFileReference; lastKnownFileType = sourcecode.swift; path = TipViewController.swift; sourceTree = "<group>"; };
		4BDE4EB02B99C8C40005D28D /* FacilitiesViewController.swift */ = {isa = PBXFileReference; lastKnownFileType = sourcecode.swift; path = FacilitiesViewController.swift; sourceTree = "<group>"; };
		4BDE4EB22B99E6410005D28D /* PraySpotListViewController.swift */ = {isa = PBXFileReference; lastKnownFileType = sourcecode.swift; path = PraySpotListViewController.swift; sourceTree = "<group>"; };
		4BE1FCA02AD12D3A00CA8106 /* HelloKorea.app */ = {isa = PBXFileReference; explicitFileType = wrapper.application; includeInIndex = 0; path = HelloKorea.app; sourceTree = BUILT_PRODUCTS_DIR; };
		4BE1FCA32AD12D3A00CA8106 /* AppDelegate.swift */ = {isa = PBXFileReference; lastKnownFileType = sourcecode.swift; path = AppDelegate.swift; sourceTree = "<group>"; };
		4BE1FCA52AD12D3A00CA8106 /* SceneDelegate.swift */ = {isa = PBXFileReference; lastKnownFileType = sourcecode.swift; path = SceneDelegate.swift; sourceTree = "<group>"; };
		4BE1FCA72AD12D3A00CA8106 /* ContentListViewController.swift */ = {isa = PBXFileReference; lastKnownFileType = sourcecode.swift; path = ContentListViewController.swift; sourceTree = "<group>"; };
		4BE1FCAA2AD12D3A00CA8106 /* Base */ = {isa = PBXFileReference; lastKnownFileType = file.storyboard; name = Base; path = Base.lproj/Main.storyboard; sourceTree = "<group>"; };
		4BE1FCAC2AD12D3B00CA8106 /* Assets.xcassets */ = {isa = PBXFileReference; lastKnownFileType = folder.assetcatalog; path = Assets.xcassets; sourceTree = "<group>"; };
		4BE1FCAF2AD12D3B00CA8106 /* Base */ = {isa = PBXFileReference; lastKnownFileType = file.storyboard; name = Base; path = Base.lproj/LaunchScreen.storyboard; sourceTree = "<group>"; };
		4BE1FCB12AD12D3B00CA8106 /* Info.plist */ = {isa = PBXFileReference; lastKnownFileType = text.plist.xml; path = Info.plist; sourceTree = "<group>"; };
		4BE1FCB82AD1316D00CA8106 /* UIColorExtension.swift */ = {isa = PBXFileReference; lastKnownFileType = sourcecode.swift; path = UIColorExtension.swift; sourceTree = "<group>"; };
		4BE1FCBD2AD131EC00CA8106 /* CSCollectionViewCell.swift */ = {isa = PBXFileReference; lastKnownFileType = sourcecode.swift; path = CSCollectionViewCell.swift; sourceTree = "<group>"; };
		4BE1FCBF2AD1328000CA8106 /* UIViewExtension.swift */ = {isa = PBXFileReference; lastKnownFileType = sourcecode.swift; path = UIViewExtension.swift; sourceTree = "<group>"; };
		C5136CB8FE0465DD74A3A6A5 /* Pods-HelloKorea.debug.xcconfig */ = {isa = PBXFileReference; includeInIndex = 1; lastKnownFileType = text.xcconfig; name = "Pods-HelloKorea.debug.xcconfig"; path = "Target Support Files/Pods-HelloKorea/Pods-HelloKorea.debug.xcconfig"; sourceTree = "<group>"; };
		DB566A30FD41356EE3429FFB /* Pods-HelloKorea.release.xcconfig */ = {isa = PBXFileReference; includeInIndex = 1; lastKnownFileType = text.xcconfig; name = "Pods-HelloKorea.release.xcconfig"; path = "Target Support Files/Pods-HelloKorea/Pods-HelloKorea.release.xcconfig"; sourceTree = "<group>"; };
/* End PBXFileReference section */

/* Begin PBXFrameworksBuildPhase section */
		4BE1FC9D2AD12D3A00CA8106 /* Frameworks */ = {
			isa = PBXFrameworksBuildPhase;
			buildActionMask = 2147483647;
			files = (
				4BF2789C2B80A7A1007BC956 /* FirebaseMessaging in Frameworks */,
				C52854B8312C5CDB9EE387B8 /* Pods_HelloKorea.framework in Frameworks */,
				4BF2788E2B80A7A1007BC956 /* FirebaseFirestoreSwift in Frameworks */,
				4BF278782B80A7A1007BC956 /* FirebaseAnalyticsWithoutAdIdSupport in Frameworks */,
				4BF278902B80A7A1007BC956 /* FirebaseFunctions in Frameworks */,
				4BF278702B80A5A4007BC956 /* FirebaseStorage in Frameworks */,
				4BF278722B80A7A1007BC956 /* FirebaseAnalytics in Frameworks */,
				4BF2787E2B80A7A1007BC956 /* FirebaseAuth in Frameworks */,
				4BF278882B80A7A1007BC956 /* FirebaseDynamicLinks in Frameworks */,
				4BF278822B80A7A1007BC956 /* FirebaseCrashlytics in Frameworks */,
				4BF2789A2B80A7A1007BC956 /* FirebaseMLModelDownloader in Frameworks */,
				4BF278862B80A7A1007BC956 /* FirebaseDatabaseSwift in Frameworks */,
				4BF2788A2B80A7A1007BC956 /* FirebaseFirestore in Frameworks */,
				4BF278982B80A7A1007BC956 /* FirebaseInstallations in Frameworks */,
				4BF278922B80A7A1007BC956 /* FirebaseFunctionsCombine-Community in Frameworks */,
				4BF2788C2B80A7A1007BC956 /* FirebaseFirestoreCombine-Community in Frameworks */,
				4BF278842B80A7A1007BC956 /* FirebaseDatabase in Frameworks */,
				4BF2789E2B80A7A1007BC956 /* FirebasePerformance in Frameworks */,
				4BF2787A2B80A7A1007BC956 /* FirebaseAppCheck in Frameworks */,
				4BF278742B80A7A1007BC956 /* FirebaseAnalyticsOnDeviceConversion in Frameworks */,
				4BF278962B80A7A1007BC956 /* FirebaseInAppMessagingSwift-Beta in Frameworks */,
				4BF278A22B80A7A1007BC956 /* FirebaseRemoteConfigSwift in Frameworks */,
				4BF278762B80A7A1007BC956 /* FirebaseAnalyticsSwift in Frameworks */,
				4BF2787C2B80A7A1007BC956 /* FirebaseAppDistribution-Beta in Frameworks */,
				4BF278A02B80A7A1007BC956 /* FirebaseRemoteConfig in Frameworks */,
				4BF278A42B80A7A1007BC956 /* FirebaseStorage in Frameworks */,
				4BF278802B80A7A1007BC956 /* FirebaseAuthCombine-Community in Frameworks */,
				4BF278A62B80A7A1007BC956 /* FirebaseStorageCombine-Community in Frameworks */,
				4BF278942B80A7A1007BC956 /* FirebaseInAppMessaging-Beta in Frameworks */,
			);
			runOnlyForDeploymentPostprocessing = 0;
		};
/* End PBXFrameworksBuildPhase section */

/* Begin PBXGroup section */
		102D84E21A794531BABEAC14 /* Pods */ = {
			isa = PBXGroup;
			children = (
				C5136CB8FE0465DD74A3A6A5 /* Pods-HelloKorea.debug.xcconfig */,
				DB566A30FD41356EE3429FFB /* Pods-HelloKorea.release.xcconfig */,
			);
			path = Pods;
			sourceTree = "<group>";
		};
		42C46F64F200286524881C67 /* Frameworks */ = {
			isa = PBXGroup;
			children = (
				017B154A9D77F342A70709A6 /* Pods_HelloKorea.framework */,
			);
			name = Frameworks;
			sourceTree = "<group>";
		};
		4B46A0B32B5F9BC500791B05 /* ViewModel */ = {
			isa = PBXGroup;
			children = (
				4B46A0B42B5F9BE800791B05 /* LoginViewModel.swift */,
			);
			name = ViewModel;
			path = Controller/ViewModel;
			sourceTree = "<group>";
		};
		4BE1FC972AD12D3900CA8106 = {
			isa = PBXGroup;
			children = (
				4BE1FCA22AD12D3A00CA8106 /* HelloKorea */,
				4BE1FCA12AD12D3A00CA8106 /* Products */,
				102D84E21A794531BABEAC14 /* Pods */,
				42C46F64F200286524881C67 /* Frameworks */,
			);
			sourceTree = "<group>";
		};
		4BE1FCA12AD12D3A00CA8106 /* Products */ = {
			isa = PBXGroup;
			children = (
				4BE1FCA02AD12D3A00CA8106 /* HelloKorea.app */,
			);
			name = Products;
			sourceTree = "<group>";
		};
		4BE1FCA22AD12D3A00CA8106 /* HelloKorea */ = {
			isa = PBXGroup;
			children = (
				4B9A8D4C2B88CB08003A7ED4 /* GoogleService-Info.plist */,
				4BE1FCB12AD12D3B00CA8106 /* Info.plist */,
				4B46A0B32B5F9BC500791B05 /* ViewModel */,
				4BE1FCBB2AD131B800CA8106 /* View */,
				4BE1FCBA2AD131A600CA8106 /* Model */,
				4BE1FCB72AD1314700CA8106 /* Extension */,
				4BE1FCA32AD12D3A00CA8106 /* AppDelegate.swift */,
				4BE1FCA52AD12D3A00CA8106 /* SceneDelegate.swift */,
				4B15B2E02ADECB4A001533ED /* Color.swift */,
				4BE1FCAC2AD12D3B00CA8106 /* Assets.xcassets */,
				4BA97BC52B7CDBE900C16B4D /* GoogleService-Info.plist */,
			);
			path = HelloKorea;
			sourceTree = "<group>";
		};
		4BE1FCB72AD1314700CA8106 /* Extension */ = {
			isa = PBXGroup;
			children = (
				4BE1FCB82AD1316D00CA8106 /* UIColorExtension.swift */,
				4BE1FCBF2AD1328000CA8106 /* UIViewExtension.swift */,
				4B3511832AFA6D6C00B9F160 /* MKMapViewExtension.swift */,
			);
			path = Extension;
			sourceTree = "<group>";
		};
		4BE1FCBA2AD131A600CA8106 /* Model */ = {
			isa = PBXGroup;
			children = (
				4B2045D32AD42D5E00110625 /* Location.swift */,
				4B2045CF2AD42D3600110625 /* ContentsModel.swift */,
				4B3511812AFA6CE700B9F160 /* Artwork.swift */,
				4B2045D12AD42D4400110625 /* Datas.swift */,
			);
			path = Model;
			sourceTree = "<group>";
		};
		4BE1FCBB2AD131B800CA8106 /* View */ = {
			isa = PBXGroup;
			children = (
				4BE1FCAE2AD12D3B00CA8106 /* LaunchScreen.storyboard */,
				4BE1FCA92AD12D3A00CA8106 /* Main.storyboard */,
				4B46A0B62B5F9E1C00791B05 /* LoginViewController.swift */,
				4BE1FCA72AD12D3A00CA8106 /* ContentListViewController.swift */,
				4B35117D2AFA60DB00B9F160 /* DetailViewController.swift */,
				4BDE4EB02B99C8C40005D28D /* FacilitiesViewController.swift */,
				4BDE4EB22B99E6410005D28D /* PraySpotListViewController.swift */,
				4B35117F2AFA6CB600B9F160 /* MapViewController.swift */,
				4B743F932B0B359C005A7321 /* DetailModalViewController.swift */,
				4BB761E02B14F8E800D533C1 /* TipViewController.swift */,
				4BE1FCBD2AD131EC00CA8106 /* CSCollectionViewCell.swift */,
				4B15B2DE2ADECA48001533ED /* NavigationViewController.swift */,
				4B35117B2AFA176800B9F160 /* TabBarViewController.swift */,
			);
			path = View;
			sourceTree = "<group>";
		};
/* End PBXGroup section */

/* Begin PBXNativeTarget section */
		4BE1FC9F2AD12D3A00CA8106 /* HelloKorea */ = {
			isa = PBXNativeTarget;
			buildConfigurationList = 4BE1FCB42AD12D3B00CA8106 /* Build configuration list for PBXNativeTarget "HelloKorea" */;
			buildPhases = (
				D026CEECA2372D6B98FB016B /* [CP] Check Pods Manifest.lock */,
				4BE1FC9C2AD12D3A00CA8106 /* Sources */,
				4BE1FC9D2AD12D3A00CA8106 /* Frameworks */,
				4BE1FC9E2AD12D3A00CA8106 /* Resources */,
				886DAF2245904F5E7FE1BFD5 /* [CP] Embed Pods Frameworks */,
			);
			buildRules = (
			);
			dependencies = (
			);
			name = HelloKorea;
			packageProductDependencies = (
				4BF2786F2B80A5A4007BC956 /* FirebaseStorage */,
				4BF278712B80A7A1007BC956 /* FirebaseAnalytics */,
				4BF278732B80A7A1007BC956 /* FirebaseAnalyticsOnDeviceConversion */,
				4BF278752B80A7A1007BC956 /* FirebaseAnalyticsSwift */,
				4BF278772B80A7A1007BC956 /* FirebaseAnalyticsWithoutAdIdSupport */,
				4BF278792B80A7A1007BC956 /* FirebaseAppCheck */,
				4BF2787B2B80A7A1007BC956 /* FirebaseAppDistribution-Beta */,
				4BF2787D2B80A7A1007BC956 /* FirebaseAuth */,
				4BF2787F2B80A7A1007BC956 /* FirebaseAuthCombine-Community */,
				4BF278812B80A7A1007BC956 /* FirebaseCrashlytics */,
				4BF278832B80A7A1007BC956 /* FirebaseDatabase */,
				4BF278852B80A7A1007BC956 /* FirebaseDatabaseSwift */,
				4BF278872B80A7A1007BC956 /* FirebaseDynamicLinks */,
				4BF278892B80A7A1007BC956 /* FirebaseFirestore */,
				4BF2788B2B80A7A1007BC956 /* FirebaseFirestoreCombine-Community */,
				4BF2788D2B80A7A1007BC956 /* FirebaseFirestoreSwift */,
				4BF2788F2B80A7A1007BC956 /* FirebaseFunctions */,
				4BF278912B80A7A1007BC956 /* FirebaseFunctionsCombine-Community */,
				4BF278932B80A7A1007BC956 /* FirebaseInAppMessaging-Beta */,
				4BF278952B80A7A1007BC956 /* FirebaseInAppMessagingSwift-Beta */,
				4BF278972B80A7A1007BC956 /* FirebaseInstallations */,
				4BF278992B80A7A1007BC956 /* FirebaseMLModelDownloader */,
				4BF2789B2B80A7A1007BC956 /* FirebaseMessaging */,
				4BF2789D2B80A7A1007BC956 /* FirebasePerformance */,
				4BF2789F2B80A7A1007BC956 /* FirebaseRemoteConfig */,
				4BF278A12B80A7A1007BC956 /* FirebaseRemoteConfigSwift */,
				4BF278A32B80A7A1007BC956 /* FirebaseStorage */,
				4BF278A52B80A7A1007BC956 /* FirebaseStorageCombine-Community */,
			);
			productName = HelloKorea;
			productReference = 4BE1FCA02AD12D3A00CA8106 /* HelloKorea.app */;
			productType = "com.apple.product-type.application";
		};
/* End PBXNativeTarget section */

/* Begin PBXProject section */
		4BE1FC982AD12D3900CA8106 /* Project object */ = {
			isa = PBXProject;
			attributes = {
				BuildIndependentTargetsInParallel = 1;
				LastSwiftUpdateCheck = 1430;
				LastUpgradeCheck = 1430;
				TargetAttributes = {
					4BE1FC9F2AD12D3A00CA8106 = {
						CreatedOnToolsVersion = 14.3.1;
					};
				};
			};
			buildConfigurationList = 4BE1FC9B2AD12D3900CA8106 /* Build configuration list for PBXProject "HelloKorea" */;
			compatibilityVersion = "Xcode 14.0";
			developmentRegion = en;
			hasScannedForEncodings = 0;
			knownRegions = (
				en,
				Base,
			);
			mainGroup = 4BE1FC972AD12D3900CA8106;
			packageReferences = (
				4BF2786E2B80A5A4007BC956 /* XCRemoteSwiftPackageReference "firebase-ios-sdk" */,
			);
			productRefGroup = 4BE1FCA12AD12D3A00CA8106 /* Products */;
			projectDirPath = "";
			projectRoot = "";
			targets = (
				4BE1FC9F2AD12D3A00CA8106 /* HelloKorea */,
			);
		};
/* End PBXProject section */

/* Begin PBXResourcesBuildPhase section */
		4BE1FC9E2AD12D3A00CA8106 /* Resources */ = {
			isa = PBXResourcesBuildPhase;
			buildActionMask = 2147483647;
			files = (
				4BE1FCB02AD12D3B00CA8106 /* LaunchScreen.storyboard in Resources */,
				4BA97BC62B7CDBE900C16B4D /* GoogleService-Info.plist in Resources */,
				4BE1FCAD2AD12D3B00CA8106 /* Assets.xcassets in Resources */,
				4BE1FCAB2AD12D3A00CA8106 /* Main.storyboard in Resources */,
			);
			runOnlyForDeploymentPostprocessing = 0;
		};
/* End PBXResourcesBuildPhase section */

/* Begin PBXShellScriptBuildPhase section */
		886DAF2245904F5E7FE1BFD5 /* [CP] Embed Pods Frameworks */ = {
			isa = PBXShellScriptBuildPhase;
			buildActionMask = 2147483647;
			files = (
			);
			inputFileListPaths = (
				"${PODS_ROOT}/Target Support Files/Pods-HelloKorea/Pods-HelloKorea-frameworks-${CONFIGURATION}-input-files.xcfilelist",
			);
			name = "[CP] Embed Pods Frameworks";
			outputFileListPaths = (
				"${PODS_ROOT}/Target Support Files/Pods-HelloKorea/Pods-HelloKorea-frameworks-${CONFIGURATION}-output-files.xcfilelist",
			);
			runOnlyForDeploymentPostprocessing = 0;
			shellPath = /bin/sh;
			shellScript = "\"${PODS_ROOT}/Target Support Files/Pods-HelloKorea/Pods-HelloKorea-frameworks.sh\"\n";
			showEnvVarsInLog = 0;
		};
		D026CEECA2372D6B98FB016B /* [CP] Check Pods Manifest.lock */ = {
			isa = PBXShellScriptBuildPhase;
			buildActionMask = 2147483647;
			files = (
			);
			inputFileListPaths = (
			);
			inputPaths = (
				"${PODS_PODFILE_DIR_PATH}/Podfile.lock",
				"${PODS_ROOT}/Manifest.lock",
			);
			name = "[CP] Check Pods Manifest.lock";
			outputFileListPaths = (
			);
			outputPaths = (
				"$(DERIVED_FILE_DIR)/Pods-HelloKorea-checkManifestLockResult.txt",
			);
			runOnlyForDeploymentPostprocessing = 0;
			shellPath = /bin/sh;
			shellScript = "diff \"${PODS_PODFILE_DIR_PATH}/Podfile.lock\" \"${PODS_ROOT}/Manifest.lock\" > /dev/null\nif [ $? != 0 ] ; then\n    # print error to STDERR\n    echo \"error: The sandbox is not in sync with the Podfile.lock. Run 'pod install' or update your CocoaPods installation.\" >&2\n    exit 1\nfi\n# This output is used by Xcode 'outputs' to avoid re-running this script phase.\necho \"SUCCESS\" > \"${SCRIPT_OUTPUT_FILE_0}\"\n";
			showEnvVarsInLog = 0;
		};
/* End PBXShellScriptBuildPhase section */

/* Begin PBXSourcesBuildPhase section */
		4BE1FC9C2AD12D3A00CA8106 /* Sources */ = {
			isa = PBXSourcesBuildPhase;
			buildActionMask = 2147483647;
			files = (
				4B35117E2AFA60DB00B9F160 /* DetailViewController.swift in Sources */,
				4B3511842AFA6D6C00B9F160 /* MKMapViewExtension.swift in Sources */,
				4BE1FCC02AD1328000CA8106 /* UIViewExtension.swift in Sources */,
				4B2045D42AD42D5E00110625 /* Location.swift in Sources */,
				4B15B2E12ADECB4A001533ED /* Color.swift in Sources */,
				4BE1FCA82AD12D3A00CA8106 /* ContentListViewController.swift in Sources */,
				4B35117C2AFA176800B9F160 /* TabBarViewController.swift in Sources */,
				4BE1FCA42AD12D3A00CA8106 /* AppDelegate.swift in Sources */,
				4BDE4EB32B99E6410005D28D /* PraySpotListViewController.swift in Sources */,
				4B46A0B72B5F9E1C00791B05 /* LoginViewController.swift in Sources */,
				4BDE4EB12B99C8C40005D28D /* FacilitiesViewController.swift in Sources */,
				4B2045D22AD42D4400110625 /* Datas.swift in Sources */,
				4BE1FCA62AD12D3A00CA8106 /* SceneDelegate.swift in Sources */,
				4B2045D02AD42D3600110625 /* ContentsModel.swift in Sources */,
				4B3511822AFA6CE700B9F160 /* Artwork.swift in Sources */,
				4BE1FCB92AD1316D00CA8106 /* UIColorExtension.swift in Sources */,
				4B15B2DF2ADECA48001533ED /* NavigationViewController.swift in Sources */,
				4BE1FCBE2AD131EC00CA8106 /* CSCollectionViewCell.swift in Sources */,
				4B3511802AFA6CB600B9F160 /* MapViewController.swift in Sources */,
				4BB761E12B14F8E800D533C1 /* TipViewController.swift in Sources */,
				4B46A0B52B5F9BE800791B05 /* LoginViewModel.swift in Sources */,
				4B743F942B0B359C005A7321 /* DetailModalViewController.swift in Sources */,
			);
			runOnlyForDeploymentPostprocessing = 0;
		};
/* End PBXSourcesBuildPhase section */

/* Begin PBXVariantGroup section */
		4BE1FCA92AD12D3A00CA8106 /* Main.storyboard */ = {
			isa = PBXVariantGroup;
			children = (
				4BE1FCAA2AD12D3A00CA8106 /* Base */,
			);
			name = Main.storyboard;
			sourceTree = "<group>";
		};
		4BE1FCAE2AD12D3B00CA8106 /* LaunchScreen.storyboard */ = {
			isa = PBXVariantGroup;
			children = (
				4BE1FCAF2AD12D3B00CA8106 /* Base */,
			);
			name = LaunchScreen.storyboard;
			sourceTree = "<group>";
		};
/* End PBXVariantGroup section */

/* Begin XCBuildConfiguration section */
		4BE1FCB22AD12D3B00CA8106 /* Debug */ = {
			isa = XCBuildConfiguration;
			buildSettings = {
				ALWAYS_SEARCH_USER_PATHS = NO;
				CLANG_ANALYZER_NONNULL = YES;
				CLANG_ANALYZER_NUMBER_OBJECT_CONVERSION = YES_AGGRESSIVE;
				CLANG_CXX_LANGUAGE_STANDARD = "gnu++20";
				CLANG_ENABLE_MODULES = YES;
				CLANG_ENABLE_OBJC_ARC = YES;
				CLANG_ENABLE_OBJC_WEAK = YES;
				CLANG_WARN_BLOCK_CAPTURE_AUTORELEASING = YES;
				CLANG_WARN_BOOL_CONVERSION = YES;
				CLANG_WARN_COMMA = YES;
				CLANG_WARN_CONSTANT_CONVERSION = YES;
				CLANG_WARN_DEPRECATED_OBJC_IMPLEMENTATIONS = YES;
				CLANG_WARN_DIRECT_OBJC_ISA_USAGE = YES_ERROR;
				CLANG_WARN_DOCUMENTATION_COMMENTS = YES;
				CLANG_WARN_EMPTY_BODY = YES;
				CLANG_WARN_ENUM_CONVERSION = YES;
				CLANG_WARN_INFINITE_RECURSION = YES;
				CLANG_WARN_INT_CONVERSION = YES;
				CLANG_WARN_NON_LITERAL_NULL_CONVERSION = YES;
				CLANG_WARN_OBJC_IMPLICIT_RETAIN_SELF = YES;
				CLANG_WARN_OBJC_LITERAL_CONVERSION = YES;
				CLANG_WARN_OBJC_ROOT_CLASS = YES_ERROR;
				CLANG_WARN_QUOTED_INCLUDE_IN_FRAMEWORK_HEADER = YES;
				CLANG_WARN_RANGE_LOOP_ANALYSIS = YES;
				CLANG_WARN_STRICT_PROTOTYPES = YES;
				CLANG_WARN_SUSPICIOUS_MOVE = YES;
				CLANG_WARN_UNGUARDED_AVAILABILITY = YES_AGGRESSIVE;
				CLANG_WARN_UNREACHABLE_CODE = YES;
				CLANG_WARN__DUPLICATE_METHOD_MATCH = YES;
				COPY_PHASE_STRIP = NO;
				DEBUG_INFORMATION_FORMAT = dwarf;
				ENABLE_STRICT_OBJC_MSGSEND = YES;
				ENABLE_TESTABILITY = YES;
				GCC_C_LANGUAGE_STANDARD = gnu11;
				GCC_DYNAMIC_NO_PIC = NO;
				GCC_NO_COMMON_BLOCKS = YES;
				GCC_OPTIMIZATION_LEVEL = 0;
				GCC_PREPROCESSOR_DEFINITIONS = (
					"DEBUG=1",
					"$(inherited)",
				);
				GCC_WARN_64_TO_32_BIT_CONVERSION = YES;
				GCC_WARN_ABOUT_RETURN_TYPE = YES_ERROR;
				GCC_WARN_UNDECLARED_SELECTOR = YES;
				GCC_WARN_UNINITIALIZED_AUTOS = YES_AGGRESSIVE;
				GCC_WARN_UNUSED_FUNCTION = YES;
				GCC_WARN_UNUSED_VARIABLE = YES;
				IPHONEOS_DEPLOYMENT_TARGET = 17.0;
				MTL_ENABLE_DEBUG_INFO = INCLUDE_SOURCE;
				MTL_FAST_MATH = YES;
				ONLY_ACTIVE_ARCH = YES;
				SDKROOT = iphoneos;
				SWIFT_ACTIVE_COMPILATION_CONDITIONS = DEBUG;
				SWIFT_OPTIMIZATION_LEVEL = "-Onone";
			};
			name = Debug;
		};
		4BE1FCB32AD12D3B00CA8106 /* Release */ = {
			isa = XCBuildConfiguration;
			buildSettings = {
				ALWAYS_SEARCH_USER_PATHS = NO;
				CLANG_ANALYZER_NONNULL = YES;
				CLANG_ANALYZER_NUMBER_OBJECT_CONVERSION = YES_AGGRESSIVE;
				CLANG_CXX_LANGUAGE_STANDARD = "gnu++20";
				CLANG_ENABLE_MODULES = YES;
				CLANG_ENABLE_OBJC_ARC = YES;
				CLANG_ENABLE_OBJC_WEAK = YES;
				CLANG_WARN_BLOCK_CAPTURE_AUTORELEASING = YES;
				CLANG_WARN_BOOL_CONVERSION = YES;
				CLANG_WARN_COMMA = YES;
				CLANG_WARN_CONSTANT_CONVERSION = YES;
				CLANG_WARN_DEPRECATED_OBJC_IMPLEMENTATIONS = YES;
				CLANG_WARN_DIRECT_OBJC_ISA_USAGE = YES_ERROR;
				CLANG_WARN_DOCUMENTATION_COMMENTS = YES;
				CLANG_WARN_EMPTY_BODY = YES;
				CLANG_WARN_ENUM_CONVERSION = YES;
				CLANG_WARN_INFINITE_RECURSION = YES;
				CLANG_WARN_INT_CONVERSION = YES;
				CLANG_WARN_NON_LITERAL_NULL_CONVERSION = YES;
				CLANG_WARN_OBJC_IMPLICIT_RETAIN_SELF = YES;
				CLANG_WARN_OBJC_LITERAL_CONVERSION = YES;
				CLANG_WARN_OBJC_ROOT_CLASS = YES_ERROR;
				CLANG_WARN_QUOTED_INCLUDE_IN_FRAMEWORK_HEADER = YES;
				CLANG_WARN_RANGE_LOOP_ANALYSIS = YES;
				CLANG_WARN_STRICT_PROTOTYPES = YES;
				CLANG_WARN_SUSPICIOUS_MOVE = YES;
				CLANG_WARN_UNGUARDED_AVAILABILITY = YES_AGGRESSIVE;
				CLANG_WARN_UNREACHABLE_CODE = YES;
				CLANG_WARN__DUPLICATE_METHOD_MATCH = YES;
				COPY_PHASE_STRIP = NO;
				DEBUG_INFORMATION_FORMAT = "dwarf-with-dsym";
				ENABLE_NS_ASSERTIONS = NO;
				ENABLE_STRICT_OBJC_MSGSEND = YES;
				GCC_C_LANGUAGE_STANDARD = gnu11;
				GCC_NO_COMMON_BLOCKS = YES;
				GCC_WARN_64_TO_32_BIT_CONVERSION = YES;
				GCC_WARN_ABOUT_RETURN_TYPE = YES_ERROR;
				GCC_WARN_UNDECLARED_SELECTOR = YES;
				GCC_WARN_UNINITIALIZED_AUTOS = YES_AGGRESSIVE;
				GCC_WARN_UNUSED_FUNCTION = YES;
				GCC_WARN_UNUSED_VARIABLE = YES;
				IPHONEOS_DEPLOYMENT_TARGET = 17.0;
				MTL_ENABLE_DEBUG_INFO = NO;
				MTL_FAST_MATH = YES;
				SDKROOT = iphoneos;
				SWIFT_COMPILATION_MODE = wholemodule;
				SWIFT_OPTIMIZATION_LEVEL = "-O";
				VALIDATE_PRODUCT = YES;
			};
			name = Release;
		};
		4BE1FCB52AD12D3B00CA8106 /* Debug */ = {
			isa = XCBuildConfiguration;
			baseConfigurationReference = C5136CB8FE0465DD74A3A6A5 /* Pods-HelloKorea.debug.xcconfig */;
			buildSettings = {
				ASSETCATALOG_COMPILER_APPICON_NAME = AppIcon;
				ASSETCATALOG_COMPILER_GLOBAL_ACCENT_COLOR_NAME = AccentColor;
				CODE_SIGN_STYLE = Automatic;
				CURRENT_PROJECT_VERSION = 1;
				DEVELOPMENT_TEAM = 9TAZSB82Y8;
				GENERATE_INFOPLIST_FILE = YES;
				INFOPLIST_FILE = HelloKorea/Info.plist;
				INFOPLIST_KEY_UIApplicationSupportsIndirectInputEvents = YES;
				INFOPLIST_KEY_UILaunchStoryboardName = LaunchScreen;
				INFOPLIST_KEY_UIMainStoryboardFile = Main;
				INFOPLIST_KEY_UISupportedInterfaceOrientations = UIInterfaceOrientationPortrait;
				INFOPLIST_KEY_UISupportedInterfaceOrientations_iPad = "UIInterfaceOrientationLandscapeLeft UIInterfaceOrientationLandscapeRight UIInterfaceOrientationPortrait UIInterfaceOrientationPortraitUpsideDown";
				LD_RUNPATH_SEARCH_PATHS = (
					"$(inherited)",
					"@executable_path/Frameworks",
				);
				MARKETING_VERSION = 1.0;
				PRODUCT_BUNDLE_IDENTIFIER = dingdong.HelloKorea;
				PRODUCT_NAME = "$(TARGET_NAME)";
				SUPPORTED_PLATFORMS = "iphoneos iphonesimulator";
				SUPPORTS_MACCATALYST = NO;
				SUPPORTS_MAC_DESIGNED_FOR_IPHONE_IPAD = NO;
				SWIFT_EMIT_LOC_STRINGS = YES;
				SWIFT_VERSION = 5.0;
				TARGETED_DEVICE_FAMILY = 1;
			};
			name = Debug;
		};
		4BE1FCB62AD12D3B00CA8106 /* Release */ = {
			isa = XCBuildConfiguration;
			baseConfigurationReference = DB566A30FD41356EE3429FFB /* Pods-HelloKorea.release.xcconfig */;
			buildSettings = {
				ASSETCATALOG_COMPILER_APPICON_NAME = AppIcon;
				ASSETCATALOG_COMPILER_GLOBAL_ACCENT_COLOR_NAME = AccentColor;
				CODE_SIGN_STYLE = Automatic;
				CURRENT_PROJECT_VERSION = 1;
				DEVELOPMENT_TEAM = 9TAZSB82Y8;
				GENERATE_INFOPLIST_FILE = YES;
				INFOPLIST_FILE = HelloKorea/Info.plist;
				INFOPLIST_KEY_UIApplicationSupportsIndirectInputEvents = YES;
				INFOPLIST_KEY_UILaunchStoryboardName = LaunchScreen;
				INFOPLIST_KEY_UIMainStoryboardFile = Main;
				INFOPLIST_KEY_UISupportedInterfaceOrientations = UIInterfaceOrientationPortrait;
				INFOPLIST_KEY_UISupportedInterfaceOrientations_iPad = "UIInterfaceOrientationLandscapeLeft UIInterfaceOrientationLandscapeRight UIInterfaceOrientationPortrait UIInterfaceOrientationPortraitUpsideDown";
				LD_RUNPATH_SEARCH_PATHS = (
					"$(inherited)",
					"@executable_path/Frameworks",
				);
				MARKETING_VERSION = 1.0;
				PRODUCT_BUNDLE_IDENTIFIER = dingdong.HelloKorea;
				PRODUCT_NAME = "$(TARGET_NAME)";
				SUPPORTED_PLATFORMS = "iphoneos iphonesimulator";
				SUPPORTS_MACCATALYST = NO;
				SUPPORTS_MAC_DESIGNED_FOR_IPHONE_IPAD = NO;
				SWIFT_EMIT_LOC_STRINGS = YES;
				SWIFT_VERSION = 5.0;
				TARGETED_DEVICE_FAMILY = 1;
			};
			name = Release;
		};
/* End XCBuildConfiguration section */

/* Begin XCConfigurationList section */
		4BE1FC9B2AD12D3900CA8106 /* Build configuration list for PBXProject "HelloKorea" */ = {
			isa = XCConfigurationList;
			buildConfigurations = (
				4BE1FCB22AD12D3B00CA8106 /* Debug */,
				4BE1FCB32AD12D3B00CA8106 /* Release */,
			);
			defaultConfigurationIsVisible = 0;
			defaultConfigurationName = Release;
		};
		4BE1FCB42AD12D3B00CA8106 /* Build configuration list for PBXNativeTarget "HelloKorea" */ = {
			isa = XCConfigurationList;
			buildConfigurations = (
				4BE1FCB52AD12D3B00CA8106 /* Debug */,
				4BE1FCB62AD12D3B00CA8106 /* Release */,
			);
			defaultConfigurationIsVisible = 0;
			defaultConfigurationName = Release;
		};
/* End XCConfigurationList section */

/* Begin XCRemoteSwiftPackageReference section */
		4BF2786E2B80A5A4007BC956 /* XCRemoteSwiftPackageReference "firebase-ios-sdk" */ = {
			isa = XCRemoteSwiftPackageReference;
			repositoryURL = "https://github.com/firebase/firebase-ios-sdk.git";
			requirement = {
				kind = upToNextMajorVersion;
				minimumVersion = 10.21.0;
			};
		};
/* End XCRemoteSwiftPackageReference section */

/* Begin XCSwiftPackageProductDependency section */
		4BF2786F2B80A5A4007BC956 /* FirebaseStorage */ = {
			isa = XCSwiftPackageProductDependency;
			package = 4BF2786E2B80A5A4007BC956 /* XCRemoteSwiftPackageReference "firebase-ios-sdk" */;
			productName = FirebaseStorage;
		};
		4BF278712B80A7A1007BC956 /* FirebaseAnalytics */ = {
			isa = XCSwiftPackageProductDependency;
			package = 4BF2786E2B80A5A4007BC956 /* XCRemoteSwiftPackageReference "firebase-ios-sdk" */;
			productName = FirebaseAnalytics;
		};
		4BF278732B80A7A1007BC956 /* FirebaseAnalyticsOnDeviceConversion */ = {
			isa = XCSwiftPackageProductDependency;
			package = 4BF2786E2B80A5A4007BC956 /* XCRemoteSwiftPackageReference "firebase-ios-sdk" */;
			productName = FirebaseAnalyticsOnDeviceConversion;
		};
		4BF278752B80A7A1007BC956 /* FirebaseAnalyticsSwift */ = {
			isa = XCSwiftPackageProductDependency;
			package = 4BF2786E2B80A5A4007BC956 /* XCRemoteSwiftPackageReference "firebase-ios-sdk" */;
			productName = FirebaseAnalyticsSwift;
		};
		4BF278772B80A7A1007BC956 /* FirebaseAnalyticsWithoutAdIdSupport */ = {
			isa = XCSwiftPackageProductDependency;
			package = 4BF2786E2B80A5A4007BC956 /* XCRemoteSwiftPackageReference "firebase-ios-sdk" */;
			productName = FirebaseAnalyticsWithoutAdIdSupport;
		};
		4BF278792B80A7A1007BC956 /* FirebaseAppCheck */ = {
			isa = XCSwiftPackageProductDependency;
			package = 4BF2786E2B80A5A4007BC956 /* XCRemoteSwiftPackageReference "firebase-ios-sdk" */;
			productName = FirebaseAppCheck;
		};
		4BF2787B2B80A7A1007BC956 /* FirebaseAppDistribution-Beta */ = {
			isa = XCSwiftPackageProductDependency;
			package = 4BF2786E2B80A5A4007BC956 /* XCRemoteSwiftPackageReference "firebase-ios-sdk" */;
			productName = "FirebaseAppDistribution-Beta";
		};
		4BF2787D2B80A7A1007BC956 /* FirebaseAuth */ = {
			isa = XCSwiftPackageProductDependency;
			package = 4BF2786E2B80A5A4007BC956 /* XCRemoteSwiftPackageReference "firebase-ios-sdk" */;
			productName = FirebaseAuth;
		};
		4BF2787F2B80A7A1007BC956 /* FirebaseAuthCombine-Community */ = {
			isa = XCSwiftPackageProductDependency;
			package = 4BF2786E2B80A5A4007BC956 /* XCRemoteSwiftPackageReference "firebase-ios-sdk" */;
			productName = "FirebaseAuthCombine-Community";
		};
		4BF278812B80A7A1007BC956 /* FirebaseCrashlytics */ = {
			isa = XCSwiftPackageProductDependency;
			package = 4BF2786E2B80A5A4007BC956 /* XCRemoteSwiftPackageReference "firebase-ios-sdk" */;
			productName = FirebaseCrashlytics;
		};
		4BF278832B80A7A1007BC956 /* FirebaseDatabase */ = {
			isa = XCSwiftPackageProductDependency;
			package = 4BF2786E2B80A5A4007BC956 /* XCRemoteSwiftPackageReference "firebase-ios-sdk" */;
			productName = FirebaseDatabase;
		};
		4BF278852B80A7A1007BC956 /* FirebaseDatabaseSwift */ = {
			isa = XCSwiftPackageProductDependency;
			package = 4BF2786E2B80A5A4007BC956 /* XCRemoteSwiftPackageReference "firebase-ios-sdk" */;
			productName = FirebaseDatabaseSwift;
		};
		4BF278872B80A7A1007BC956 /* FirebaseDynamicLinks */ = {
			isa = XCSwiftPackageProductDependency;
			package = 4BF2786E2B80A5A4007BC956 /* XCRemoteSwiftPackageReference "firebase-ios-sdk" */;
			productName = FirebaseDynamicLinks;
		};
		4BF278892B80A7A1007BC956 /* FirebaseFirestore */ = {
			isa = XCSwiftPackageProductDependency;
			package = 4BF2786E2B80A5A4007BC956 /* XCRemoteSwiftPackageReference "firebase-ios-sdk" */;
			productName = FirebaseFirestore;
		};
		4BF2788B2B80A7A1007BC956 /* FirebaseFirestoreCombine-Community */ = {
			isa = XCSwiftPackageProductDependency;
			package = 4BF2786E2B80A5A4007BC956 /* XCRemoteSwiftPackageReference "firebase-ios-sdk" */;
			productName = "FirebaseFirestoreCombine-Community";
		};
		4BF2788D2B80A7A1007BC956 /* FirebaseFirestoreSwift */ = {
			isa = XCSwiftPackageProductDependency;
			package = 4BF2786E2B80A5A4007BC956 /* XCRemoteSwiftPackageReference "firebase-ios-sdk" */;
			productName = FirebaseFirestoreSwift;
		};
		4BF2788F2B80A7A1007BC956 /* FirebaseFunctions */ = {
			isa = XCSwiftPackageProductDependency;
			package = 4BF2786E2B80A5A4007BC956 /* XCRemoteSwiftPackageReference "firebase-ios-sdk" */;
			productName = FirebaseFunctions;
		};
		4BF278912B80A7A1007BC956 /* FirebaseFunctionsCombine-Community */ = {
			isa = XCSwiftPackageProductDependency;
			package = 4BF2786E2B80A5A4007BC956 /* XCRemoteSwiftPackageReference "firebase-ios-sdk" */;
			productName = "FirebaseFunctionsCombine-Community";
		};
		4BF278932B80A7A1007BC956 /* FirebaseInAppMessaging-Beta */ = {
			isa = XCSwiftPackageProductDependency;
			package = 4BF2786E2B80A5A4007BC956 /* XCRemoteSwiftPackageReference "firebase-ios-sdk" */;
			productName = "FirebaseInAppMessaging-Beta";
		};
		4BF278952B80A7A1007BC956 /* FirebaseInAppMessagingSwift-Beta */ = {
			isa = XCSwiftPackageProductDependency;
			package = 4BF2786E2B80A5A4007BC956 /* XCRemoteSwiftPackageReference "firebase-ios-sdk" */;
			productName = "FirebaseInAppMessagingSwift-Beta";
		};
		4BF278972B80A7A1007BC956 /* FirebaseInstallations */ = {
			isa = XCSwiftPackageProductDependency;
			package = 4BF2786E2B80A5A4007BC956 /* XCRemoteSwiftPackageReference "firebase-ios-sdk" */;
			productName = FirebaseInstallations;
		};
		4BF278992B80A7A1007BC956 /* FirebaseMLModelDownloader */ = {
			isa = XCSwiftPackageProductDependency;
			package = 4BF2786E2B80A5A4007BC956 /* XCRemoteSwiftPackageReference "firebase-ios-sdk" */;
			productName = FirebaseMLModelDownloader;
		};
		4BF2789B2B80A7A1007BC956 /* FirebaseMessaging */ = {
			isa = XCSwiftPackageProductDependency;
			package = 4BF2786E2B80A5A4007BC956 /* XCRemoteSwiftPackageReference "firebase-ios-sdk" */;
			productName = FirebaseMessaging;
		};
		4BF2789D2B80A7A1007BC956 /* FirebasePerformance */ = {
			isa = XCSwiftPackageProductDependency;
			package = 4BF2786E2B80A5A4007BC956 /* XCRemoteSwiftPackageReference "firebase-ios-sdk" */;
			productName = FirebasePerformance;
		};
		4BF2789F2B80A7A1007BC956 /* FirebaseRemoteConfig */ = {
			isa = XCSwiftPackageProductDependency;
			package = 4BF2786E2B80A5A4007BC956 /* XCRemoteSwiftPackageReference "firebase-ios-sdk" */;
			productName = FirebaseRemoteConfig;
		};
		4BF278A12B80A7A1007BC956 /* FirebaseRemoteConfigSwift */ = {
			isa = XCSwiftPackageProductDependency;
			package = 4BF2786E2B80A5A4007BC956 /* XCRemoteSwiftPackageReference "firebase-ios-sdk" */;
			productName = FirebaseRemoteConfigSwift;
		};
		4BF278A32B80A7A1007BC956 /* FirebaseStorage */ = {
			isa = XCSwiftPackageProductDependency;
			package = 4BF2786E2B80A5A4007BC956 /* XCRemoteSwiftPackageReference "firebase-ios-sdk" */;
			productName = FirebaseStorage;
		};
		4BF278A52B80A7A1007BC956 /* FirebaseStorageCombine-Community */ = {
			isa = XCSwiftPackageProductDependency;
			package = 4BF2786E2B80A5A4007BC956 /* XCRemoteSwiftPackageReference "firebase-ios-sdk" */;
			productName = "FirebaseStorageCombine-Community";
		};
/* End XCSwiftPackageProductDependency section */
	};
	rootObject = 4BE1FC982AD12D3900CA8106 /* Project object */;
}
